// !$*UTF8*$!
{
	archiveVersion = 1;
	classes = {
	};
	objectVersion = 46;
	objects = {

/* Begin PBXBuildFile section */
		0091D8F90E81B9330029341E /* OpenGL.framework in Frameworks */ = {isa = PBXBuildFile; fileRef = 0091D8F80E81B9330029341E /* OpenGL.framework */; };
		00B784B30FF439BC000DE1D7 /* Accelerate.framework in Frameworks */ = {isa = PBXBuildFile; fileRef = 00B784AF0FF439BC000DE1D7 /* Accelerate.framework */; };
		00B784B40FF439BC000DE1D7 /* AudioToolbox.framework in Frameworks */ = {isa = PBXBuildFile; fileRef = 00B784B00FF439BC000DE1D7 /* AudioToolbox.framework */; };
		00B784B50FF439BC000DE1D7 /* AudioUnit.framework in Frameworks */ = {isa = PBXBuildFile; fileRef = 00B784B10FF439BC000DE1D7 /* AudioUnit.framework */; };
		00B784B60FF439BC000DE1D7 /* CoreAudio.framework in Frameworks */ = {isa = PBXBuildFile; fileRef = 00B784B20FF439BC000DE1D7 /* CoreAudio.framework */; };
		4D17EC461C416B3F0027E280 /* MyCamera.cpp in Sources */ = {isa = PBXBuildFile; fileRef = 8498E3CA1C3D0973008CDA94 /* MyCamera.cpp */; };
		4D17EC471C416B3F0027E280 /* ContourMap.cpp in Sources */ = {isa = PBXBuildFile; fileRef = 8498E3C01C3D0973008CDA94 /* ContourMap.cpp */; };
		4D17EC481C416B3F0027E280 /* MonitorNodeNL.cpp in Sources */ = {isa = PBXBuildFile; fileRef = 8498E3C61C3D0973008CDA94 /* MonitorNodeNL.cpp */; };
		4D17EC491C416B3F0027E280 /* cApp.cpp in Sources */ = {isa = PBXBuildFile; fileRef = 444894A18C4C457A91266DCA /* cApp.cpp */; };
		4D17EC4B1C416B3F0027E280 /* Cocoa.framework in Frameworks */ = {isa = PBXBuildFile; fileRef = 1058C7A1FEA54F0111CA2CBB /* Cocoa.framework */; };
		4D17EC4C1C416B3F0027E280 /* OpenGL.framework in Frameworks */ = {isa = PBXBuildFile; fileRef = 0091D8F80E81B9330029341E /* OpenGL.framework */; };
		4D17EC4D1C416B3F0027E280 /* CoreVideo.framework in Frameworks */ = {isa = PBXBuildFile; fileRef = 5323E6B10EAFCA74003A9687 /* CoreVideo.framework */; };
		4D17EC4E1C416B3F0027E280 /* QTKit.framework in Frameworks */ = {isa = PBXBuildFile; fileRef = 5323E6B50EAFCA7E003A9687 /* QTKit.framework */; };
		4D17EC4F1C416B3F0027E280 /* Accelerate.framework in Frameworks */ = {isa = PBXBuildFile; fileRef = 00B784AF0FF439BC000DE1D7 /* Accelerate.framework */; };
		4D17EC501C416B3F0027E280 /* AudioToolbox.framework in Frameworks */ = {isa = PBXBuildFile; fileRef = 00B784B00FF439BC000DE1D7 /* AudioToolbox.framework */; };
		4D17EC511C416B3F0027E280 /* AudioUnit.framework in Frameworks */ = {isa = PBXBuildFile; fileRef = 00B784B10FF439BC000DE1D7 /* AudioUnit.framework */; };
		4D17EC521C416B3F0027E280 /* CoreAudio.framework in Frameworks */ = {isa = PBXBuildFile; fileRef = 00B784B20FF439BC000DE1D7 /* CoreAudio.framework */; };
		4D17EC5C1C4195970027E280 /* MyCamera.cpp in Sources */ = {isa = PBXBuildFile; fileRef = 8498E3CA1C3D0973008CDA94 /* MyCamera.cpp */; };
		4D17EC5D1C4195970027E280 /* ContourMap.cpp in Sources */ = {isa = PBXBuildFile; fileRef = 8498E3C01C3D0973008CDA94 /* ContourMap.cpp */; };
		4D17EC5E1C4195970027E280 /* MonitorNodeNL.cpp in Sources */ = {isa = PBXBuildFile; fileRef = 8498E3C61C3D0973008CDA94 /* MonitorNodeNL.cpp */; };
		4D17EC5F1C4195970027E280 /* cApp.cpp in Sources */ = {isa = PBXBuildFile; fileRef = 444894A18C4C457A91266DCA /* cApp.cpp */; };
		4D17EC611C4195970027E280 /* Cocoa.framework in Frameworks */ = {isa = PBXBuildFile; fileRef = 1058C7A1FEA54F0111CA2CBB /* Cocoa.framework */; };
		4D17EC621C4195970027E280 /* OpenGL.framework in Frameworks */ = {isa = PBXBuildFile; fileRef = 0091D8F80E81B9330029341E /* OpenGL.framework */; };
		4D17EC631C4195970027E280 /* CoreVideo.framework in Frameworks */ = {isa = PBXBuildFile; fileRef = 5323E6B10EAFCA74003A9687 /* CoreVideo.framework */; };
		4D17EC641C4195970027E280 /* QTKit.framework in Frameworks */ = {isa = PBXBuildFile; fileRef = 5323E6B50EAFCA7E003A9687 /* QTKit.framework */; };
		4D17EC651C4195970027E280 /* Accelerate.framework in Frameworks */ = {isa = PBXBuildFile; fileRef = 00B784AF0FF439BC000DE1D7 /* Accelerate.framework */; };
		4D17EC661C4195970027E280 /* AudioToolbox.framework in Frameworks */ = {isa = PBXBuildFile; fileRef = 00B784B00FF439BC000DE1D7 /* AudioToolbox.framework */; };
		4D17EC671C4195970027E280 /* AudioUnit.framework in Frameworks */ = {isa = PBXBuildFile; fileRef = 00B784B10FF439BC000DE1D7 /* AudioUnit.framework */; };
		4D17EC681C4195970027E280 /* CoreAudio.framework in Frameworks */ = {isa = PBXBuildFile; fileRef = 00B784B20FF439BC000DE1D7 /* CoreAudio.framework */; };
		4D17EC761C4251DC0027E280 /* libtbb.dylib in CopyFiles */ = {isa = PBXBuildFile; fileRef = 4D17EC751C4251DC0027E280 /* libtbb.dylib */; settings = {ATTRIBUTES = (CodeSignOnCopy, ); }; };
		5323E6B20EAFCA74003A9687 /* CoreVideo.framework in Frameworks */ = {isa = PBXBuildFile; fileRef = 5323E6B10EAFCA74003A9687 /* CoreVideo.framework */; };
		5323E6B60EAFCA7E003A9687 /* QTKit.framework in Frameworks */ = {isa = PBXBuildFile; fileRef = 5323E6B50EAFCA7E003A9687 /* QTKit.framework */; };
		8498E3D41C3D0973008CDA94 /* ContourMap.cpp in Sources */ = {isa = PBXBuildFile; fileRef = 8498E3C01C3D0973008CDA94 /* ContourMap.cpp */; };
		8498E3D51C3D0973008CDA94 /* MonitorNodeNL.cpp in Sources */ = {isa = PBXBuildFile; fileRef = 8498E3C61C3D0973008CDA94 /* MonitorNodeNL.cpp */; };
		8498E3D61C3D0973008CDA94 /* MyCamera.cpp in Sources */ = {isa = PBXBuildFile; fileRef = 8498E3CA1C3D0973008CDA94 /* MyCamera.cpp */; };
		8D11072F0486CEB800E47090 /* Cocoa.framework in Frameworks */ = {isa = PBXBuildFile; fileRef = 1058C7A1FEA54F0111CA2CBB /* Cocoa.framework */; };
		CEE482CA843A4CB2A21A75E7 /* cApp.cpp in Sources */ = {isa = PBXBuildFile; fileRef = 444894A18C4C457A91266DCA /* cApp.cpp */; };
/* End PBXBuildFile section */

/* Begin PBXCopyFilesBuildPhase section */
		4D17EC741C4251A50027E280 /* CopyFiles */ = {
			isa = PBXCopyFilesBuildPhase;
			buildActionMask = 2147483647;
			dstPath = "";
			dstSubfolderSpec = 6;
			files = (
				4D17EC761C4251DC0027E280 /* libtbb.dylib in CopyFiles */,
			);
			runOnlyForDeploymentPostprocessing = 0;
		};
/* End PBXCopyFilesBuildPhase section */

/* Begin PBXFileReference section */
		0091D8F80E81B9330029341E /* OpenGL.framework */ = {isa = PBXFileReference; lastKnownFileType = wrapper.framework; name = OpenGL.framework; path = /System/Library/Frameworks/OpenGL.framework; sourceTree = "<absolute>"; };
		00B784AF0FF439BC000DE1D7 /* Accelerate.framework */ = {isa = PBXFileReference; lastKnownFileType = wrapper.framework; name = Accelerate.framework; path = System/Library/Frameworks/Accelerate.framework; sourceTree = SDKROOT; };
		00B784B00FF439BC000DE1D7 /* AudioToolbox.framework */ = {isa = PBXFileReference; lastKnownFileType = wrapper.framework; name = AudioToolbox.framework; path = System/Library/Frameworks/AudioToolbox.framework; sourceTree = SDKROOT; };
		00B784B10FF439BC000DE1D7 /* AudioUnit.framework */ = {isa = PBXFileReference; lastKnownFileType = wrapper.framework; name = AudioUnit.framework; path = System/Library/Frameworks/AudioUnit.framework; sourceTree = SDKROOT; };
		00B784B20FF439BC000DE1D7 /* CoreAudio.framework */ = {isa = PBXFileReference; lastKnownFileType = wrapper.framework; name = CoreAudio.framework; path = System/Library/Frameworks/CoreAudio.framework; sourceTree = SDKROOT; };
		1058C7A1FEA54F0111CA2CBB /* Cocoa.framework */ = {isa = PBXFileReference; lastKnownFileType = wrapper.framework; name = Cocoa.framework; path = /System/Library/Frameworks/Cocoa.framework; sourceTree = "<absolute>"; };
		29B97324FDCFA39411CA2CEA /* AppKit.framework */ = {isa = PBXFileReference; lastKnownFileType = wrapper.framework; name = AppKit.framework; path = /System/Library/Frameworks/AppKit.framework; sourceTree = "<absolute>"; };
		29B97325FDCFA39411CA2CEA /* Foundation.framework */ = {isa = PBXFileReference; lastKnownFileType = wrapper.framework; name = Foundation.framework; path = /System/Library/Frameworks/Foundation.framework; sourceTree = "<absolute>"; };
		444894A18C4C457A91266DCA /* cApp.cpp */ = {isa = PBXFileReference; lastKnownFileType = sourcecode.cpp.cpp; name = cApp.cpp; path = ../src/cApp.cpp; sourceTree = "<group>"; };
		4D17EC401C40F30A0027E280 /* all.xcconfig */ = {isa = PBXFileReference; lastKnownFileType = text.xcconfig; name = all.xcconfig; path = ../../config/all.xcconfig; sourceTree = "<group>"; };
		4D17EC411C40F4B80027E280 /* Wave.h */ = {isa = PBXFileReference; fileEncoding = 4; lastKnownFileType = sourcecode.c.h; name = Wave.h; path = ../src/Wave.h; sourceTree = "<group>"; };
		4D17EC571C416B3F0027E280 /* wave_graph_7.app */ = {isa = PBXFileReference; explicitFileType = wrapper.application; includeInIndex = 0; path = wave_graph_7.app; sourceTree = BUILT_PRODUCTS_DIR; };
		4D17EC581C416B3F0027E280 /* wave_spectrum_1 copy-Info.plist */ = {isa = PBXFileReference; lastKnownFileType = text.plist.xml; name = "wave_spectrum_1 copy-Info.plist"; path = "/Volumes/StudioRK_node/n5/cinder_0.8.6_n5/_node/wave_graph_6/xcode/wave_spectrum_1 copy-Info.plist"; sourceTree = "<absolute>"; };
		4D17EC6D1C4195970027E280 /* wave_graph_6_3.app */ = {isa = PBXFileReference; explicitFileType = wrapper.application; includeInIndex = 0; path = wave_graph_6_3.app; sourceTree = BUILT_PRODUCTS_DIR; };
		4D17EC6E1C4195970027E280 /* wave_spectrum_1 copy 2-Info.plist */ = {isa = PBXFileReference; lastKnownFileType = text.plist.xml; name = "wave_spectrum_1 copy 2-Info.plist"; path = "/Volumes/StudioRK_node/n5/cinder_0.8.6_n5/_node/wave_graph_6/xcode/wave_spectrum_1 copy 2-Info.plist"; sourceTree = "<absolute>"; };
		4D17EC701C41AEF30027E280 /* AudioOutput.h */ = {isa = PBXFileReference; fileEncoding = 4; lastKnownFileType = sourcecode.c.h; path = AudioOutput.h; sourceTree = "<group>"; };
		4D17EC721C41BE3A0027E280 /* TbbNpFinder1.h */ = {isa = PBXFileReference; lastKnownFileType = sourcecode.c.h; name = TbbNpFinder1.h; path = ../src/TbbNpFinder1.h; sourceTree = "<group>"; };
		4D17EC731C41BE6F0027E280 /* TbbNpFinder2.h */ = {isa = PBXFileReference; lastKnownFileType = sourcecode.c.h; name = TbbNpFinder2.h; path = ../src/TbbNpFinder2.h; sourceTree = "<group>"; };
		4D17EC751C4251DC0027E280 /* libtbb.dylib */ = {isa = PBXFileReference; lastKnownFileType = "compiled.mach-o.dylib"; name = libtbb.dylib; path = "../../../blocks/tbb/lib/libc++/libtbb.dylib"; sourceTree = "<group>"; };
		5323E6B10EAFCA74003A9687 /* CoreVideo.framework */ = {isa = PBXFileReference; lastKnownFileType = wrapper.framework; name = CoreVideo.framework; path = /System/Library/Frameworks/CoreVideo.framework; sourceTree = "<absolute>"; };
		5323E6B50EAFCA7E003A9687 /* QTKit.framework */ = {isa = PBXFileReference; lastKnownFileType = wrapper.framework; name = QTKit.framework; path = /System/Library/Frameworks/QTKit.framework; sourceTree = "<absolute>"; };
		6AAB06D01B12587200AC8B49 /* debug.xcconfig */ = {isa = PBXFileReference; lastKnownFileType = text.xcconfig; lineEnding = 0; name = debug.xcconfig; path = config/debug.xcconfig; sourceTree = "<group>"; xcLanguageSpecificationIdentifier = xcode.lang.xcconfig; };
		6AAB06D31B1258B500AC8B49 /* release.xcconfig */ = {isa = PBXFileReference; lastKnownFileType = text.xcconfig; name = release.xcconfig; path = config/release.xcconfig; sourceTree = "<group>"; };
		8498E3BE1C3D0973008CDA94 /* Axis.h */ = {isa = PBXFileReference; fileEncoding = 4; lastKnownFileType = sourcecode.c.h; path = Axis.h; sourceTree = "<group>"; };
		8498E3BF1C3D0973008CDA94 /* ConsoleColor.h */ = {isa = PBXFileReference; fileEncoding = 4; lastKnownFileType = sourcecode.c.h; path = ConsoleColor.h; sourceTree = "<group>"; };
		8498E3C01C3D0973008CDA94 /* ContourMap.cpp */ = {isa = PBXFileReference; fileEncoding = 4; lastKnownFileType = sourcecode.cpp.cpp; path = ContourMap.cpp; sourceTree = "<group>"; };
		8498E3C11C3D0973008CDA94 /* ContourMap.h */ = {isa = PBXFileReference; fileEncoding = 4; lastKnownFileType = sourcecode.c.h; path = ContourMap.h; sourceTree = "<group>"; };
		8498E3C21C3D0973008CDA94 /* CsoundOp.h */ = {isa = PBXFileReference; fileEncoding = 4; lastKnownFileType = sourcecode.c.h; path = CsoundOp.h; sourceTree = "<group>"; };
		8498E3C31C3D0973008CDA94 /* DataGroup.h */ = {isa = PBXFileReference; fileEncoding = 4; lastKnownFileType = sourcecode.c.h; path = DataGroup.h; sourceTree = "<group>"; };
		8498E3C41C3D0973008CDA94 /* Exporter.h */ = {isa = PBXFileReference; fileEncoding = 4; lastKnownFileType = sourcecode.c.h; path = Exporter.h; sourceTree = "<group>"; };
		8498E3C51C3D0973008CDA94 /* FftWaveWriter.h */ = {isa = PBXFileReference; fileEncoding = 4; lastKnownFileType = sourcecode.c.h; path = FftWaveWriter.h; sourceTree = "<group>"; };
		8498E3C61C3D0973008CDA94 /* MonitorNodeNL.cpp */ = {isa = PBXFileReference; fileEncoding = 4; lastKnownFileType = sourcecode.cpp.cpp; path = MonitorNodeNL.cpp; sourceTree = "<group>"; };
		8498E3C71C3D0973008CDA94 /* MonitorNodeNL.h */ = {isa = PBXFileReference; fileEncoding = 4; lastKnownFileType = sourcecode.c.h; path = MonitorNodeNL.h; sourceTree = "<group>"; };
		8498E3C81C3D0973008CDA94 /* mtSvg.h */ = {isa = PBXFileReference; fileEncoding = 4; lastKnownFileType = sourcecode.c.h; path = mtSvg.h; sourceTree = "<group>"; };
		8498E3C91C3D0973008CDA94 /* mtUtil.h */ = {isa = PBXFileReference; fileEncoding = 4; lastKnownFileType = sourcecode.c.h; path = mtUtil.h; sourceTree = "<group>"; };
		8498E3CA1C3D0973008CDA94 /* MyCamera.cpp */ = {isa = PBXFileReference; fileEncoding = 4; lastKnownFileType = sourcecode.cpp.cpp; path = MyCamera.cpp; sourceTree = "<group>"; };
		8498E3CB1C3D0973008CDA94 /* MyCamera.h */ = {isa = PBXFileReference; fileEncoding = 4; lastKnownFileType = sourcecode.c.h; path = MyCamera.h; sourceTree = "<group>"; };
		8498E3CC1C3D0973008CDA94 /* RfExporterBin.h */ = {isa = PBXFileReference; fileEncoding = 4; lastKnownFileType = sourcecode.c.h; path = RfExporterBin.h; sourceTree = "<group>"; };
		8498E3CD1C3D0973008CDA94 /* RfImporterBin.h */ = {isa = PBXFileReference; fileEncoding = 4; lastKnownFileType = sourcecode.c.h; path = RfImporterBin.h; sourceTree = "<group>"; };
		8498E3CE1C3D0973008CDA94 /* RfImporterRpc.h */ = {isa = PBXFileReference; fileEncoding = 4; lastKnownFileType = sourcecode.c.h; path = RfImporterRpc.h; sourceTree = "<group>"; };
		8498E3CF1C3D0973008CDA94 /* SimFrame.h */ = {isa = PBXFileReference; fileEncoding = 4; lastKnownFileType = sourcecode.c.h; path = SimFrame.h; sourceTree = "<group>"; };
		8498E3D01C3D0973008CDA94 /* SoundWriter.h */ = {isa = PBXFileReference; fileEncoding = 4; lastKnownFileType = sourcecode.c.h; path = SoundWriter.h; sourceTree = "<group>"; };
		8498E3D21C3D0973008CDA94 /* VboSet.h */ = {isa = PBXFileReference; fileEncoding = 4; lastKnownFileType = sourcecode.c.h; path = VboSet.h; sourceTree = "<group>"; };
		8D1107320486CEB800E47090 /* wave_graph_7.app */ = {isa = PBXFileReference; explicitFileType = wrapper.application; includeInIndex = 0; path = wave_graph_7.app; sourceTree = BUILT_PRODUCTS_DIR; };
		95CFCBE1AFA244A19A93A224 /* Info.plist */ = {isa = PBXFileReference; lastKnownFileType = text.plist.xml; path = Info.plist; sourceTree = "<group>"; };
/* End PBXFileReference section */

/* Begin PBXFrameworksBuildPhase section */
		4D17EC4A1C416B3F0027E280 /* Frameworks */ = {
			isa = PBXFrameworksBuildPhase;
			buildActionMask = 2147483647;
			files = (
				4D17EC4B1C416B3F0027E280 /* Cocoa.framework in Frameworks */,
				4D17EC4C1C416B3F0027E280 /* OpenGL.framework in Frameworks */,
				4D17EC4D1C416B3F0027E280 /* CoreVideo.framework in Frameworks */,
				4D17EC4E1C416B3F0027E280 /* QTKit.framework in Frameworks */,
				4D17EC4F1C416B3F0027E280 /* Accelerate.framework in Frameworks */,
				4D17EC501C416B3F0027E280 /* AudioToolbox.framework in Frameworks */,
				4D17EC511C416B3F0027E280 /* AudioUnit.framework in Frameworks */,
				4D17EC521C416B3F0027E280 /* CoreAudio.framework in Frameworks */,
			);
			runOnlyForDeploymentPostprocessing = 0;
		};
		4D17EC601C4195970027E280 /* Frameworks */ = {
			isa = PBXFrameworksBuildPhase;
			buildActionMask = 2147483647;
			files = (
				4D17EC611C4195970027E280 /* Cocoa.framework in Frameworks */,
				4D17EC621C4195970027E280 /* OpenGL.framework in Frameworks */,
				4D17EC631C4195970027E280 /* CoreVideo.framework in Frameworks */,
				4D17EC641C4195970027E280 /* QTKit.framework in Frameworks */,
				4D17EC651C4195970027E280 /* Accelerate.framework in Frameworks */,
				4D17EC661C4195970027E280 /* AudioToolbox.framework in Frameworks */,
				4D17EC671C4195970027E280 /* AudioUnit.framework in Frameworks */,
				4D17EC681C4195970027E280 /* CoreAudio.framework in Frameworks */,
			);
			runOnlyForDeploymentPostprocessing = 0;
		};
		8D11072E0486CEB800E47090 /* Frameworks */ = {
			isa = PBXFrameworksBuildPhase;
			buildActionMask = 2147483647;
			files = (
				8D11072F0486CEB800E47090 /* Cocoa.framework in Frameworks */,
				0091D8F90E81B9330029341E /* OpenGL.framework in Frameworks */,
				5323E6B20EAFCA74003A9687 /* CoreVideo.framework in Frameworks */,
				5323E6B60EAFCA7E003A9687 /* QTKit.framework in Frameworks */,
				00B784B30FF439BC000DE1D7 /* Accelerate.framework in Frameworks */,
				00B784B40FF439BC000DE1D7 /* AudioToolbox.framework in Frameworks */,
				00B784B50FF439BC000DE1D7 /* AudioUnit.framework in Frameworks */,
				00B784B60FF439BC000DE1D7 /* CoreAudio.framework in Frameworks */,
			);
			runOnlyForDeploymentPostprocessing = 0;
		};
/* End PBXFrameworksBuildPhase section */

/* Begin PBXGroup section */
		01B97315FEAEA392516A2CEA /* Blocks */ = {
			isa = PBXGroup;
			children = (
				8498E3BC1C3D0973008CDA94 /* libmtb */,
			);
			name = Blocks;
			sourceTree = "<group>";
		};
		1058C7A0FEA54F0111CA2CBB /* Linked Frameworks */ = {
			isa = PBXGroup;
			children = (
				00B784AF0FF439BC000DE1D7 /* Accelerate.framework */,
				00B784B00FF439BC000DE1D7 /* AudioToolbox.framework */,
				00B784B10FF439BC000DE1D7 /* AudioUnit.framework */,
				00B784B20FF439BC000DE1D7 /* CoreAudio.framework */,
				5323E6B50EAFCA7E003A9687 /* QTKit.framework */,
				5323E6B10EAFCA74003A9687 /* CoreVideo.framework */,
				0091D8F80E81B9330029341E /* OpenGL.framework */,
				1058C7A1FEA54F0111CA2CBB /* Cocoa.framework */,
			);
			name = "Linked Frameworks";
			sourceTree = "<group>";
		};
		1058C7A2FEA54F0111CA2CBB /* Other Frameworks */ = {
			isa = PBXGroup;
			children = (
				29B97324FDCFA39411CA2CEA /* AppKit.framework */,
				29B97325FDCFA39411CA2CEA /* Foundation.framework */,
			);
			name = "Other Frameworks";
			sourceTree = "<group>";
		};
		19C28FACFE9D520D11CA2CBB /* Products */ = {
			isa = PBXGroup;
			children = (
				8D1107320486CEB800E47090 /* wave_graph_7.app */,
				4D17EC571C416B3F0027E280 /* wave_graph_7.app */,
				4D17EC6D1C4195970027E280 /* wave_graph_6_3.app */,
			);
			name = Products;
			sourceTree = "<group>";
		};
		29B97314FDCFA39411CA2CEA /* contour_0 */ = {
			isa = PBXGroup;
			children = (
				4D17EC751C4251DC0027E280 /* libtbb.dylib */,
				4D17EC401C40F30A0027E280 /* all.xcconfig */,
				6AAB06D01B12587200AC8B49 /* debug.xcconfig */,
				6AAB06D31B1258B500AC8B49 /* release.xcconfig */,
				95CFCBE1AFA244A19A93A224 /* Info.plist */,
				29B97315FDCFA39411CA2CEA /* src */,
				01B97315FEAEA392516A2CEA /* Blocks */,
				29B97323FDCFA39411CA2CEA /* Frameworks */,
				19C28FACFE9D520D11CA2CBB /* Products */,
				4D17EC581C416B3F0027E280 /* wave_spectrum_1 copy-Info.plist */,
				4D17EC6E1C4195970027E280 /* wave_spectrum_1 copy 2-Info.plist */,
			);
			name = contour_0;
			sourceTree = "<group>";
		};
		29B97315FDCFA39411CA2CEA /* src */ = {
			isa = PBXGroup;
			children = (
				4D17EC411C40F4B80027E280 /* Wave.h */,
				444894A18C4C457A91266DCA /* cApp.cpp */,
				4D17EC721C41BE3A0027E280 /* TbbNpFinder1.h */,
				4D17EC731C41BE6F0027E280 /* TbbNpFinder2.h */,
			);
			name = src;
			sourceTree = "<group>";
		};
		29B97323FDCFA39411CA2CEA /* Frameworks */ = {
			isa = PBXGroup;
			children = (
				1058C7A0FEA54F0111CA2CBB /* Linked Frameworks */,
				1058C7A2FEA54F0111CA2CBB /* Other Frameworks */,
			);
			name = Frameworks;
			sourceTree = "<group>";
		};
		8498E3BC1C3D0973008CDA94 /* libmtb */ = {
			isa = PBXGroup;
			children = (
				8498E3BE1C3D0973008CDA94 /* Axis.h */,
				8498E3BF1C3D0973008CDA94 /* ConsoleColor.h */,
				8498E3C01C3D0973008CDA94 /* ContourMap.cpp */,
				8498E3C11C3D0973008CDA94 /* ContourMap.h */,
				8498E3C21C3D0973008CDA94 /* CsoundOp.h */,
				8498E3C31C3D0973008CDA94 /* DataGroup.h */,
				8498E3C41C3D0973008CDA94 /* Exporter.h */,
				8498E3C51C3D0973008CDA94 /* FftWaveWriter.h */,
				8498E3C61C3D0973008CDA94 /* MonitorNodeNL.cpp */,
				8498E3C71C3D0973008CDA94 /* MonitorNodeNL.h */,
				8498E3C81C3D0973008CDA94 /* mtSvg.h */,
				8498E3C91C3D0973008CDA94 /* mtUtil.h */,
				8498E3CA1C3D0973008CDA94 /* MyCamera.cpp */,
				8498E3CB1C3D0973008CDA94 /* MyCamera.h */,
				8498E3CC1C3D0973008CDA94 /* RfExporterBin.h */,
				8498E3CD1C3D0973008CDA94 /* RfImporterBin.h */,
				8498E3CE1C3D0973008CDA94 /* RfImporterRpc.h */,
				8498E3CF1C3D0973008CDA94 /* SimFrame.h */,
				8498E3D01C3D0973008CDA94 /* SoundWriter.h */,
				8498E3D21C3D0973008CDA94 /* VboSet.h */,
				4D17EC701C41AEF30027E280 /* AudioOutput.h */,
			);
			name = libmtb;
			path = ../../../blocks/libmtb;
			sourceTree = "<group>";
		};
/* End PBXGroup section */

/* Begin PBXNativeTarget section */
		4D17EC431C416B3F0027E280 /* wave_graph_7_2 */ = {
			isa = PBXNativeTarget;
			buildConfigurationList = 4D17EC541C416B3F0027E280 /* Build configuration list for PBXNativeTarget "wave_graph_7_2" */;
			buildPhases = (
				4D17EC441C416B3F0027E280 /* Resources */,
				4D17EC451C416B3F0027E280 /* Sources */,
				4D17EC4A1C416B3F0027E280 /* Frameworks */,
				4D17EC531C416B3F0027E280 /* ShellScript */,
			);
			buildRules = (
			);
			dependencies = (
			);
			name = wave_graph_7_2;
			productInstallPath = "$(HOME)/Applications";
			productName = contour_0;
			productReference = 4D17EC571C416B3F0027E280 /* wave_graph_7.app */;
			productType = "com.apple.product-type.application";
		};
		4D17EC591C4195970027E280 /* wave_graph_7_3 */ = {
			isa = PBXNativeTarget;
			buildConfigurationList = 4D17EC6A1C4195970027E280 /* Build configuration list for PBXNativeTarget "wave_graph_7_3" */;
			buildPhases = (
				4D17EC5A1C4195970027E280 /* Resources */,
				4D17EC5B1C4195970027E280 /* Sources */,
				4D17EC601C4195970027E280 /* Frameworks */,
				4D17EC691C4195970027E280 /* ShellScript */,
				4D17EC741C4251A50027E280 /* CopyFiles */,
			);
			buildRules = (
			);
			dependencies = (
			);
			name = wave_graph_7_3;
			productInstallPath = "$(HOME)/Applications";
			productName = contour_0;
			productReference = 4D17EC6D1C4195970027E280 /* wave_graph_6_3.app */;
			productType = "com.apple.product-type.application";
		};
		8D1107260486CEB800E47090 /* wave_graph_7 */ = {
			isa = PBXNativeTarget;
			buildConfigurationList = C01FCF4A08A954540054247B /* Build configuration list for PBXNativeTarget "wave_graph_7" */;
			buildPhases = (
				8D1107290486CEB800E47090 /* Resources */,
				8D11072C0486CEB800E47090 /* Sources */,
				8D11072E0486CEB800E47090 /* Frameworks */,
				4D17EC421C4167BA0027E280 /* ShellScript */,
			);
			buildRules = (
			);
			dependencies = (
			);
			name = wave_graph_7;
			productInstallPath = "$(HOME)/Applications";
			productName = contour_0;
			productReference = 8D1107320486CEB800E47090 /* wave_graph_7.app */;
			productType = "com.apple.product-type.application";
		};
/* End PBXNativeTarget section */

/* Begin PBXProject section */
		29B97313FDCFA39411CA2CEA /* Project object */ = {
			isa = PBXProject;
			attributes = {
				LastUpgradeCheck = 0640;
			};
			buildConfigurationList = C01FCF4E08A954540054247B /* Build configuration list for PBXProject "wave_graph_7" */;
			compatibilityVersion = "Xcode 3.2";
			developmentRegion = English;
			hasScannedForEncodings = 1;
			knownRegions = (
				English,
				Japanese,
				French,
				German,
			);
			mainGroup = 29B97314FDCFA39411CA2CEA /* contour_0 */;
			projectDirPath = "";
			projectRoot = "";
			targets = (
				8D1107260486CEB800E47090 /* wave_graph_7 */,
				4D17EC431C416B3F0027E280 /* wave_graph_7_2 */,
				4D17EC591C4195970027E280 /* wave_graph_7_3 */,
			);
		};
/* End PBXProject section */

/* Begin PBXResourcesBuildPhase section */
		4D17EC441C416B3F0027E280 /* Resources */ = {
			isa = PBXResourcesBuildPhase;
			buildActionMask = 2147483647;
			files = (
			);
			runOnlyForDeploymentPostprocessing = 0;
		};
		4D17EC5A1C4195970027E280 /* Resources */ = {
			isa = PBXResourcesBuildPhase;
			buildActionMask = 2147483647;
			files = (
			);
			runOnlyForDeploymentPostprocessing = 0;
		};
		8D1107290486CEB800E47090 /* Resources */ = {
			isa = PBXResourcesBuildPhase;
			buildActionMask = 2147483647;
			files = (
			);
			runOnlyForDeploymentPostprocessing = 0;
		};
/* End PBXResourcesBuildPhase section */

/* Begin PBXShellScriptBuildPhase section */
		4D17EC421C4167BA0027E280 /* ShellScript */ = {
			isa = PBXShellScriptBuildPhase;
			buildActionMask = 2147483647;
			files = (
			);
			inputPaths = (
			);
			outputPaths = (
			);
			runOnlyForDeploymentPostprocessing = 0;
			shellPath = /bin/sh;
			shellScript = "cp -f ../../../blocks/tbb/lib/libc++/libtbb.dylib \"$TARGET_BUILD_DIR/$PRODUCT_NAME.app/Contents/MacOS/libtbb.dylib\";\n\ninstall_name_tool -change libtbb.dylib @executable_path/libtbb.dylib \"$TARGET_BUILD_DIR/$PRODUCT_NAME.app/Contents/MacOS/$PRODUCT_NAME\";\n\n\n\n\n\n\n";
		};
		4D17EC531C416B3F0027E280 /* ShellScript */ = {
			isa = PBXShellScriptBuildPhase;
			buildActionMask = 2147483647;
			files = (
			);
			inputPaths = (
			);
			outputPaths = (
			);
			runOnlyForDeploymentPostprocessing = 0;
			shellPath = /bin/sh;
			shellScript = "cp -f ../../../blocks/tbb/lib/libc++/libtbb.dylib \"$TARGET_BUILD_DIR/$PRODUCT_NAME.app/Contents/MacOS/libtbb.dylib\";\n\ninstall_name_tool -change libtbb.dylib @executable_path/libtbb.dylib \"$TARGET_BUILD_DIR/$PRODUCT_NAME.app/Contents/MacOS/$PRODUCT_NAME\";\n\n\n\n\n\n\n";
		};
		4D17EC691C4195970027E280 /* ShellScript */ = {
			isa = PBXShellScriptBuildPhase;
			buildActionMask = 2147483647;
			files = (
			);
			inputPaths = (
			);
			outputPaths = (
			);
			runOnlyForDeploymentPostprocessing = 0;
			shellPath = /bin/sh;
			shellScript = "cp -f ../../../blocks/tbb/lib/libc++/libtbb.dylib \"$TARGET_BUILD_DIR/$PRODUCT_NAME.app/Contents/MacOS/libtbb.dylib\";\n\ninstall_name_tool -change libtbb.dylib @executable_path/libtbb.dylib \"$TARGET_BUILD_DIR/$PRODUCT_NAME.app/Contents/MacOS/$PRODUCT_NAME\";\n\n\n\n\n\n\n";
		};
/* End PBXShellScriptBuildPhase section */

/* Begin PBXSourcesBuildPhase section */
		4D17EC451C416B3F0027E280 /* Sources */ = {
			isa = PBXSourcesBuildPhase;
			buildActionMask = 2147483647;
			files = (
				4D17EC461C416B3F0027E280 /* MyCamera.cpp in Sources */,
				4D17EC471C416B3F0027E280 /* ContourMap.cpp in Sources */,
				4D17EC481C416B3F0027E280 /* MonitorNodeNL.cpp in Sources */,
				4D17EC491C416B3F0027E280 /* cApp.cpp in Sources */,
			);
			runOnlyForDeploymentPostprocessing = 0;
		};
		4D17EC5B1C4195970027E280 /* Sources */ = {
			isa = PBXSourcesBuildPhase;
			buildActionMask = 2147483647;
			files = (
				4D17EC5C1C4195970027E280 /* MyCamera.cpp in Sources */,
				4D17EC5D1C4195970027E280 /* ContourMap.cpp in Sources */,
				4D17EC5E1C4195970027E280 /* MonitorNodeNL.cpp in Sources */,
				4D17EC5F1C4195970027E280 /* cApp.cpp in Sources */,
			);
			runOnlyForDeploymentPostprocessing = 0;
		};
		8D11072C0486CEB800E47090 /* Sources */ = {
			isa = PBXSourcesBuildPhase;
			buildActionMask = 2147483647;
			files = (
				8498E3D61C3D0973008CDA94 /* MyCamera.cpp in Sources */,
				8498E3D41C3D0973008CDA94 /* ContourMap.cpp in Sources */,
				8498E3D51C3D0973008CDA94 /* MonitorNodeNL.cpp in Sources */,
				CEE482CA843A4CB2A21A75E7 /* cApp.cpp in Sources */,
			);
			runOnlyForDeploymentPostprocessing = 0;
		};
/* End PBXSourcesBuildPhase section */

/* Begin XCBuildConfiguration section */
		4D17EC551C416B3F0027E280 /* Debug */ = {
			isa = XCBuildConfiguration;
			buildSettings = {
				COMBINE_HIDPI_IMAGES = YES;
				COPY_PHASE_STRIP = NO;
				DEAD_CODE_STRIPPING = YES;
				GCC_DYNAMIC_NO_PIC = NO;
				GCC_INLINES_ARE_PRIVATE_EXTERN = YES;
				GCC_OPTIMIZATION_LEVEL = 0;
				GCC_PRECOMPILE_PREFIX_HEADER = NO;
				GCC_PREFIX_HEADER = "";
				GCC_PREPROCESSOR_DEFINITIONS = (
					"DEBUG=1",
					"$(inherited)",
				);
				GCC_SYMBOLS_PRIVATE_EXTERN = NO;
				INFOPLIST_FILE = "wave_spectrum_1 copy-Info.plist";
				INSTALL_PATH = "$(HOME)/Applications";
				LD_GENERATE_MAP_FILE = NO;
				PRODUCT_NAME = wave_graph_7;
				SYMROOT = ./build;
				USER_HEADER_SEARCH_PATHS = "$(inherited)";
				WRAPPER_EXTENSION = app;
			};
			name = Debug;
		};
		4D17EC561C416B3F0027E280 /* Release */ = {
			isa = XCBuildConfiguration;
			buildSettings = {
				COMBINE_HIDPI_IMAGES = YES;
				DEAD_CODE_STRIPPING = YES;
				DEBUG_INFORMATION_FORMAT = "dwarf-with-dsym";
				GCC_FAST_MATH = YES;
				GCC_GENERATE_DEBUGGING_SYMBOLS = NO;
				GCC_INLINES_ARE_PRIVATE_EXTERN = YES;
				GCC_OPTIMIZATION_LEVEL = 3;
				GCC_PRECOMPILE_PREFIX_HEADER = NO;
				GCC_PREFIX_HEADER = "";
				GCC_PREPROCESSOR_DEFINITIONS = (
					"NDEBUG=1",
					"$(inherited)",
				);
				GCC_SYMBOLS_PRIVATE_EXTERN = NO;
				INFOPLIST_FILE = "wave_spectrum_1 copy-Info.plist";
				INSTALL_PATH = "$(HOME)/Applications";
				LD_GENERATE_MAP_FILE = NO;
				PRODUCT_NAME = wave_graph_7;
				STRIP_INSTALLED_PRODUCT = YES;
				SYMROOT = ./build;
				USER_HEADER_SEARCH_PATHS = "$(inherited)";
				WRAPPER_EXTENSION = app;
			};
			name = Release;
		};
		4D17EC6B1C4195970027E280 /* Debug */ = {
			isa = XCBuildConfiguration;
			buildSettings = {
				COMBINE_HIDPI_IMAGES = YES;
				COPY_PHASE_STRIP = NO;
				DEAD_CODE_STRIPPING = YES;
				GCC_DYNAMIC_NO_PIC = NO;
				GCC_INLINES_ARE_PRIVATE_EXTERN = YES;
				GCC_OPTIMIZATION_LEVEL = 0;
				GCC_PRECOMPILE_PREFIX_HEADER = NO;
				GCC_PREFIX_HEADER = "";
				GCC_PREPROCESSOR_DEFINITIONS = (
					"DEBUG=1",
					"$(inherited)",
				);
				GCC_SYMBOLS_PRIVATE_EXTERN = NO;
				INFOPLIST_FILE = "wave_spectrum_1 copy 2-Info.plist";
				INSTALL_PATH = "$(HOME)/Applications";
				LD_GENERATE_MAP_FILE = NO;
				PRODUCT_NAME = wave_graph_7;
				SYMROOT = ./build;
				USER_HEADER_SEARCH_PATHS = "$(inherited)";
				WRAPPER_EXTENSION = app;
			};
			name = Debug;
		};
		4D17EC6C1C4195970027E280 /* Release */ = {
			isa = XCBuildConfiguration;
			buildSettings = {
				COMBINE_HIDPI_IMAGES = YES;
				DEAD_CODE_STRIPPING = YES;
				DEBUG_INFORMATION_FORMAT = "dwarf-with-dsym";
				GCC_FAST_MATH = YES;
				GCC_GENERATE_DEBUGGING_SYMBOLS = NO;
				GCC_INLINES_ARE_PRIVATE_EXTERN = YES;
				GCC_OPTIMIZATION_LEVEL = 3;
				GCC_PRECOMPILE_PREFIX_HEADER = NO;
				GCC_PREFIX_HEADER = "";
				GCC_PREPROCESSOR_DEFINITIONS = (
					"NDEBUG=1",
					"$(inherited)",
				);
				GCC_SYMBOLS_PRIVATE_EXTERN = NO;
				INFOPLIST_FILE = "wave_spectrum_1 copy 2-Info.plist";
				INSTALL_PATH = "$(HOME)/Applications";
				LD_GENERATE_MAP_FILE = NO;
				PRODUCT_NAME = wave_graph_7;
				STRIP_INSTALLED_PRODUCT = YES;
				SYMROOT = ./build;
				USER_HEADER_SEARCH_PATHS = "$(inherited)";
				WRAPPER_EXTENSION = app;
			};
			name = Release;
		};
		C01FCF4B08A954540054247B /* Debug */ = {
			isa = XCBuildConfiguration;
			buildSettings = {
				COMBINE_HIDPI_IMAGES = YES;
				COPY_PHASE_STRIP = NO;
				DEAD_CODE_STRIPPING = YES;
				GCC_DYNAMIC_NO_PIC = NO;
				GCC_INLINES_ARE_PRIVATE_EXTERN = YES;
				GCC_OPTIMIZATION_LEVEL = 0;
				GCC_PRECOMPILE_PREFIX_HEADER = NO;
				GCC_PREFIX_HEADER = "";
				GCC_PREPROCESSOR_DEFINITIONS = (
					"DEBUG=1",
					"$(inherited)",
				);
				GCC_SYMBOLS_PRIVATE_EXTERN = NO;
				INFOPLIST_FILE = Info.plist;
				INSTALL_PATH = "$(HOME)/Applications";
				LD_GENERATE_MAP_FILE = NO;
				PRODUCT_NAME = wave_graph_7;
				SYMROOT = ./build;
				USER_HEADER_SEARCH_PATHS = "$(inherited)";
				WRAPPER_EXTENSION = app;
			};
			name = Debug;
		};
		C01FCF4C08A954540054247B /* Release */ = {
			isa = XCBuildConfiguration;
			buildSettings = {
				COMBINE_HIDPI_IMAGES = YES;
				DEAD_CODE_STRIPPING = YES;
				DEBUG_INFORMATION_FORMAT = "dwarf-with-dsym";
				GCC_FAST_MATH = YES;
				GCC_GENERATE_DEBUGGING_SYMBOLS = NO;
				GCC_INLINES_ARE_PRIVATE_EXTERN = YES;
				GCC_OPTIMIZATION_LEVEL = 3;
				GCC_PRECOMPILE_PREFIX_HEADER = NO;
				GCC_PREFIX_HEADER = "";
				GCC_PREPROCESSOR_DEFINITIONS = (
					"NDEBUG=1",
					"$(inherited)",
				);
				GCC_SYMBOLS_PRIVATE_EXTERN = NO;
				INFOPLIST_FILE = Info.plist;
				INSTALL_PATH = "$(HOME)/Applications";
				LD_GENERATE_MAP_FILE = NO;
				PRODUCT_NAME = wave_graph_7;
				STRIP_INSTALLED_PRODUCT = YES;
				SYMROOT = ./build;
				USER_HEADER_SEARCH_PATHS = "$(inherited)";
				WRAPPER_EXTENSION = app;
			};
			name = Release;
		};
		C01FCF4F08A954540054247B /* Debug */ = {
			isa = XCBuildConfiguration;
			baseConfigurationReference = 6AAB06D01B12587200AC8B49 /* debug.xcconfig */;
			buildSettings = {
				ALWAYS_SEARCH_USER_PATHS = YES;
				CINDER_PATH = ../../..;
				CLANG_CXX_LANGUAGE_STANDARD = "c++0x";
				CLANG_CXX_LIBRARY = "libc++";
				CONFIGURATION_BUILD_DIR = "$(SRCROOT)/bin/";
				CONFIGURATION_TEMP_DIR = "$(PROJECT_TEMP_DIR)/$(CONFIGURATION)$(EFFECTIVE_PLATFORM_NAME)";
				GCC_WARN_ABOUT_RETURN_TYPE = YES;
				GCC_WARN_UNUSED_VARIABLE = YES;
				LD_MAP_FILE_PATH = "$(TARGET_TEMP_DIR)/$(PRODUCT_NAME)-LinkMap-$(CURRENT_VARIANT)-$(CURRENT_ARCH).txt";
				MACOSX_DEPLOYMENT_TARGET = 10.7;
				ONLY_ACTIVE_ARCH = YES;
				SDKROOT = macosx;
				SYMROOT = ./build;
				USER_HEADER_SEARCH_PATHS = "";
			};
			name = Debug;
		};
		C01FCF5008A954540054247B /* Release */ = {
			isa = XCBuildConfiguration;
			baseConfigurationReference = 6AAB06D31B1258B500AC8B49 /* release.xcconfig */;
			buildSettings = {
				ALWAYS_SEARCH_USER_PATHS = YES;
				CINDER_PATH = ../../..;
				CLANG_CXX_LANGUAGE_STANDARD = "c++0x";
				CLANG_CXX_LIBRARY = "libc++";
				CONFIGURATION_BUILD_DIR = "$(SRCROOT)/bin/";
				CONFIGURATION_TEMP_DIR = "$(PROJECT_TEMP_DIR)/$(CONFIGURATION)$(EFFECTIVE_PLATFORM_NAME)";
				GCC_WARN_ABOUT_RETURN_TYPE = YES;
				GCC_WARN_UNUSED_VARIABLE = YES;
				MACOSX_DEPLOYMENT_TARGET = 10.7;
				SDKROOT = macosx;
				SYMROOT = ./build;
				USER_HEADER_SEARCH_PATHS = "";
			};
			name = Release;
		};
/* End XCBuildConfiguration section */

/* Begin XCConfigurationList section */
		4D17EC541C416B3F0027E280 /* Build configuration list for PBXNativeTarget "wave_graph_7_2" */ = {
			isa = XCConfigurationList;
			buildConfigurations = (
				4D17EC551C416B3F0027E280 /* Debug */,
				4D17EC561C416B3F0027E280 /* Release */,
			);
			defaultConfigurationIsVisible = 0;
			defaultConfigurationName = Release;
		};
		4D17EC6A1C4195970027E280 /* Build configuration list for PBXNativeTarget "wave_graph_7_3" */ = {
			isa = XCConfigurationList;
			buildConfigurations = (
				4D17EC6B1C4195970027E280 /* Debug */,
				4D17EC6C1C4195970027E280 /* Release */,
			);
			defaultConfigurationIsVisible = 0;
			defaultConfigurationName = Release;
		};
		C01FCF4A08A954540054247B /* Build configuration list for PBXNativeTarget "wave_graph_7" */ = {
			isa = XCConfigurationList;
			buildConfigurations = (
				C01FCF4B08A954540054247B /* Debug */,
				C01FCF4C08A954540054247B /* Release */,
			);
			defaultConfigurationIsVisible = 0;
			defaultConfigurationName = Release;
		};
		C01FCF4E08A954540054247B /* Build configuration list for PBXProject "wave_graph_7" */ = {
			isa = XCConfigurationList;
			buildConfigurations = (
				C01FCF4F08A954540054247B /* Debug */,
				C01FCF5008A954540054247B /* Release */,
			);
			defaultConfigurationIsVisible = 0;
			defaultConfigurationName = Release;
		};
/* End XCConfigurationList section */
	};
	rootObject = 29B97313FDCFA39411CA2CEA /* Project object */;
}
