// !$*UTF8*$!
{
	archiveVersion = 1;
	classes = {
	};
	objectVersion = 46;
	objects = {

/* Begin PBXAggregateTarget section */
		6A8A991A1BE62E7A006BD10C /* _node_all */ = {
			isa = PBXAggregateTarget;
			buildConfigurationList = 6A8A991B1BE62E7A006BD10C /* Build configuration list for PBXAggregateTarget "_node_all" */;
			buildPhases = (
			);
			dependencies = (
				4D307D691C42A89F00F9DD26 /* PBXTargetDependency */,
				4D307D6B1C42A89F00F9DD26 /* PBXTargetDependency */,
				4D307D6D1C42A89F00F9DD26 /* PBXTargetDependency */,
				4D307D6F1C42A89F00F9DD26 /* PBXTargetDependency */,
				4D307D711C42A89F00F9DD26 /* PBXTargetDependency */,
				4D307D731C42A89F00F9DD26 /* PBXTargetDependency */,
				4D307D751C42A89F00F9DD26 /* PBXTargetDependency */,
				4D307D771C42A89F00F9DD26 /* PBXTargetDependency */,
				4D307D7B1C42A89F00F9DD26 /* PBXTargetDependency */,
				4D307D7D1C42A89F00F9DD26 /* PBXTargetDependency */,
				4D307D7F1C42A89F00F9DD26 /* PBXTargetDependency */,
				4D307D811C42A89F00F9DD26 /* PBXTargetDependency */,
				4D307D831C42A89F00F9DD26 /* PBXTargetDependency */,
				4D307D851C42A89F00F9DD26 /* PBXTargetDependency */,
				4D307D871C42A89F00F9DD26 /* PBXTargetDependency */,
				4D307D8B1C42A89F00F9DD26 /* PBXTargetDependency */,
				4D307D8D1C42A89F00F9DD26 /* PBXTargetDependency */,
				4D307D8F1C42A89F00F9DD26 /* PBXTargetDependency */,
				4D307D911C42A89F00F9DD26 /* PBXTargetDependency */,
				4D307D931C42A89F00F9DD26 /* PBXTargetDependency */,
				4D307D951C42A89F00F9DD26 /* PBXTargetDependency */,
				4D307D991C42A89F00F9DD26 /* PBXTargetDependency */,
				4D307D9B1C42A89F00F9DD26 /* PBXTargetDependency */,
				4D307D9D1C42A89F00F9DD26 /* PBXTargetDependency */,
				4D307D9F1C42A89F00F9DD26 /* PBXTargetDependency */,
				4D307DA11C42A89F00F9DD26 /* PBXTargetDependency */,
				4D307DA31C42A89F00F9DD26 /* PBXTargetDependency */,
				4D307DA51C42A89F00F9DD26 /* PBXTargetDependency */,
			);
			name = _node_all;
			productName = _all;
		};
/* End PBXAggregateTarget section */

/* Begin PBXContainerItemProxy section */
		4D17ED011C425E700027E280 /* PBXContainerItemProxy */ = {
			isa = PBXContainerItemProxy;
			containerPortal = 4D17EC9B1C425E6E0027E280 /* city_1.xcodeproj */;
			proxyType = 2;
			remoteGlobalIDString = 8D1107320486CEB800E47090;
			remoteInfo = city_1;
		};
		4D17ED031C425E700027E280 /* PBXContainerItemProxy */ = {
			isa = PBXContainerItemProxy;
			containerPortal = 4D17EC9B1C425E6E0027E280 /* city_1.xcodeproj */;
			proxyType = 2;
			remoteGlobalIDString = 6A225A931C05CB480022859E;
			remoteInfo = "city_1 copy";
		};
		4D17ED051C425E700027E280 /* PBXContainerItemProxy */ = {
			isa = PBXContainerItemProxy;
			containerPortal = 4D17EC9B1C425E6E0027E280 /* city_1.xcodeproj */;
			proxyType = 2;
			remoteGlobalIDString = 6A907E851C06100E0062CE01;
			remoteInfo = "city_1 copy 2";
		};
		4D17ED081C425E700027E280 /* PBXContainerItemProxy */ = {
			isa = PBXContainerItemProxy;
			containerPortal = 4D17EC9E1C425E6E0027E280 /* contour_0.xcodeproj */;
			proxyType = 2;
			remoteGlobalIDString = 8D1107320486CEB800E47090;
			remoteInfo = contour_0;
		};
		4D17ED0D1C425E700027E280 /* PBXContainerItemProxy */ = {
			isa = PBXContainerItemProxy;
			containerPortal = 4D17ECA11C425E6E0027E280 /* contour_rot_1.xcodeproj */;
			proxyType = 2;
			remoteGlobalIDString = 8D1107320486CEB800E47090;
			remoteInfo = contour_1;
		};
		4D17ED0F1C425E700027E280 /* PBXContainerItemProxy */ = {
			isa = PBXContainerItemProxy;
			containerPortal = 4D17ECA11C425E6E0027E280 /* contour_rot_1.xcodeproj */;
			proxyType = 2;
			remoteGlobalIDString = 6ACBF9B51C02ED2300B7BD0E;
			remoteInfo = "contour_1 copy";
		};
		4D17ED111C425E700027E280 /* PBXContainerItemProxy */ = {
			isa = PBXContainerItemProxy;
			containerPortal = 4D17ECA11C425E6E0027E280 /* contour_rot_1.xcodeproj */;
			proxyType = 2;
			remoteGlobalIDString = 6ACBF9CA1C02F47100B7BD0E;
			remoteInfo = "contour_1 copy 2";
		};
		4D17ED141C425E700027E280 /* PBXContainerItemProxy */ = {
			isa = PBXContainerItemProxy;
			containerPortal = 4D17ECA41C425E6E0027E280 /* cv_test.xcodeproj */;
			proxyType = 2;
			remoteGlobalIDString = 8D1107320486CEB800E47090;
			remoteInfo = cv_test;
		};
		4D17ED171C425E700027E280 /* PBXContainerItemProxy */ = {
			isa = PBXContainerItemProxy;
			containerPortal = 4D17ECA71C425E6E0027E280 /* line_1.xcodeproj */;
			proxyType = 2;
			remoteGlobalIDString = 8D1107320486CEB800E47090;
			remoteInfo = line_1;
		};
		4D17ED1A1C425E700027E280 /* PBXContainerItemProxy */ = {
			isa = PBXContainerItemProxy;
			containerPortal = 4D17ECAA1C425E6E0027E280 /* line_2.xcodeproj */;
			proxyType = 2;
			remoteGlobalIDString = 8D1107320486CEB800E47090;
			remoteInfo = line_2;
		};
		4D17ED1D1C425E700027E280 /* PBXContainerItemProxy */ = {
			isa = PBXContainerItemProxy;
			containerPortal = 4D17ECAD1C425E6E0027E280 /* moving_center_1.xcodeproj */;
			proxyType = 2;
			remoteGlobalIDString = 8D1107320486CEB800E47090;
			remoteInfo = moving_center_1;
		};
		4D17ED241C425E700027E280 /* PBXContainerItemProxy */ = {
			isa = PBXContainerItemProxy;
			containerPortal = 4D17ECB01C425E6E0027E280 /* point_0.xcodeproj */;
			proxyType = 2;
			remoteGlobalIDString = 8D1107320486CEB800E47090;
			remoteInfo = point_0;
		};
		4D17ED261C425E700027E280 /* PBXContainerItemProxy */ = {
			isa = PBXContainerItemProxy;
			containerPortal = 4D17ECB01C425E6E0027E280 /* point_0.xcodeproj */;
			proxyType = 2;
			remoteGlobalIDString = 6A5F44921C2B482D004915DB;
			remoteInfo = "point_0 copy";
		};
		4D17ED2A1C425E700027E280 /* PBXContainerItemProxy */ = {
			isa = PBXContainerItemProxy;
			containerPortal = 4D17ECB61C425E6E0027E280 /* point_1.xcodeproj */;
			proxyType = 2;
			remoteGlobalIDString = 8D1107320486CEB800E47090;
			remoteInfo = point_1;
		};
		4D17ED2C1C425E700027E280 /* PBXContainerItemProxy */ = {
			isa = PBXContainerItemProxy;
			containerPortal = 4D17ECB61C425E6E0027E280 /* point_1.xcodeproj */;
			proxyType = 2;
			remoteGlobalIDString = 6AF8B1361C021262008B7B59;
			remoteInfo = "point_1 copy";
		};
		4D17ED301C425E700027E280 /* PBXContainerItemProxy */ = {
			isa = PBXContainerItemProxy;
			containerPortal = 4D17ECB91C425E6E0027E280 /* point_2.xcodeproj */;
			proxyType = 2;
			remoteGlobalIDString = 8D1107320486CEB800E47090;
			remoteInfo = point_2;
		};
		4D17ED321C425E700027E280 /* PBXContainerItemProxy */ = {
			isa = PBXContainerItemProxy;
			containerPortal = 4D17ECB91C425E6E0027E280 /* point_2.xcodeproj */;
			proxyType = 2;
			remoteGlobalIDString = 84EFAD801C175BF2008BCBB8;
			remoteInfo = "point_2 copy";
		};
		4D17ED351C425E700027E280 /* PBXContainerItemProxy */ = {
			isa = PBXContainerItemProxy;
			containerPortal = 4D17ECBC1C425E6E0027E280 /* red_particle_1.xcodeproj */;
			proxyType = 2;
			remoteGlobalIDString = 8D1107320486CEB800E47090;
			remoteInfo = red_particle_1;
		};
		4D17ED381C425E700027E280 /* PBXContainerItemProxy */ = {
			isa = PBXContainerItemProxy;
			containerPortal = 4D17ECBF1C425E6E0027E280 /* spline_mesh_1.xcodeproj */;
			proxyType = 2;
			remoteGlobalIDString = 8D1107320486CEB800E47090;
			remoteInfo = spline_mesh_1;
		};
		4D17ED3C1C425E700027E280 /* PBXContainerItemProxy */ = {
			isa = PBXContainerItemProxy;
			containerPortal = 4D17ECC21C425E6E0027E280 /* spline_mesh_2.xcodeproj */;
			proxyType = 2;
			remoteGlobalIDString = 8D1107320486CEB800E47090;
			remoteInfo = spline_mesh_2;
		};
		4D17ED3E1C425E700027E280 /* PBXContainerItemProxy */ = {
			isa = PBXContainerItemProxy;
			containerPortal = 4D17ECC21C425E6E0027E280 /* spline_mesh_2.xcodeproj */;
			proxyType = 2;
			remoteGlobalIDString = 6A676C6A1C121CB900F7972B;
			remoteInfo = "spline_mesh_2 copy";
		};
		4D17ED411C425E700027E280 /* PBXContainerItemProxy */ = {
			isa = PBXContainerItemProxy;
			containerPortal = 4D17ECC51C425E6E0027E280 /* strange_perlin_1.xcodeproj */;
			proxyType = 2;
			remoteGlobalIDString = 8D1107320486CEB800E47090;
			remoteInfo = strange_perlin_1;
		};
		4D17ED441C425E700027E280 /* PBXContainerItemProxy */ = {
			isa = PBXContainerItemProxy;
			containerPortal = 4D17ECC81C425E6E0027E280 /* template.xcodeproj */;
			proxyType = 2;
			remoteGlobalIDString = 8D1107320486CEB800E47090;
			remoteInfo = template;
		};
		4D17ED4A1C425E700027E280 /* PBXContainerItemProxy */ = {
			isa = PBXContainerItemProxy;
			containerPortal = 4D17ECCE1C425E6E0027E280 /* USB_DMX_1.xcodeproj */;
			proxyType = 2;
			remoteGlobalIDString = 8D1107320486CEB800E47090;
			remoteInfo = USB_DMX_1;
		};
		4D17ED4D1C425E700027E280 /* PBXContainerItemProxy */ = {
			isa = PBXContainerItemProxy;
			containerPortal = 4D17ECD11C425E6F0027E280 /* wave_fft_1.xcodeproj */;
			proxyType = 2;
			remoteGlobalIDString = 8D1107320486CEB800E47090;
			remoteInfo = wave_fft_1;
		};
		4D17ED501C425E700027E280 /* PBXContainerItemProxy */ = {
			isa = PBXContainerItemProxy;
			containerPortal = 4D17ECD41C425E6F0027E280 /* wave_fft_2.xcodeproj */;
			proxyType = 2;
			remoteGlobalIDString = 8D1107320486CEB800E47090;
			remoteInfo = wave_fft_2;
		};
		4D17ED531C425E700027E280 /* PBXContainerItemProxy */ = {
			isa = PBXContainerItemProxy;
			containerPortal = 4D17ECD71C425E6F0027E280 /* wave_graph_1.xcodeproj */;
			proxyType = 2;
			remoteGlobalIDString = 8D1107320486CEB800E47090;
			remoteInfo = wave_graph_1;
		};
		4D17ED561C425E700027E280 /* PBXContainerItemProxy */ = {
			isa = PBXContainerItemProxy;
			containerPortal = 4D17ECDA1C425E6F0027E280 /* wave_graph_2.xcodeproj */;
			proxyType = 2;
			remoteGlobalIDString = 8D1107320486CEB800E47090;
			remoteInfo = wave_graph_2;
		};
		4D17ED591C425E700027E280 /* PBXContainerItemProxy */ = {
			isa = PBXContainerItemProxy;
			containerPortal = 4D17ECDD1C425E6F0027E280 /* wave_graph_3.xcodeproj */;
			proxyType = 2;
			remoteGlobalIDString = 8D1107320486CEB800E47090;
			remoteInfo = wave_graph_3;
		};
		4D17ED5D1C425E700027E280 /* PBXContainerItemProxy */ = {
			isa = PBXContainerItemProxy;
			containerPortal = 4D17ECE31C425E6F0027E280 /* wave_graph_4.xcodeproj */;
			proxyType = 2;
			remoteGlobalIDString = 8D1107320486CEB800E47090;
			remoteInfo = wave_graph_4;
		};
		4D17ED5F1C425E700027E280 /* PBXContainerItemProxy */ = {
			isa = PBXContainerItemProxy;
			containerPortal = 4D17ECE31C425E6F0027E280 /* wave_graph_4.xcodeproj */;
			proxyType = 2;
			remoteGlobalIDString = 6A25F1271BFB417B00C6DC83;
			remoteInfo = "wave_graph_4 copy";
		};
		4D17ED6A1C425E700027E280 /* PBXContainerItemProxy */ = {
			isa = PBXContainerItemProxy;
			containerPortal = 4D17ECE61C425E6F0027E280 /* wave_graph_6.xcodeproj */;
			proxyType = 2;
			remoteGlobalIDString = 8D1107320486CEB800E47090;
			remoteInfo = wave_spectrum_1;
		};
		4D17ED6C1C425E700027E280 /* PBXContainerItemProxy */ = {
			isa = PBXContainerItemProxy;
			containerPortal = 4D17ECE61C425E6F0027E280 /* wave_graph_6.xcodeproj */;
			proxyType = 2;
			remoteGlobalIDString = 4D17EC571C416B3F0027E280;
			remoteInfo = "wave_spectrum_1 copy";
		};
		4D17ED6E1C425E700027E280 /* PBXContainerItemProxy */ = {
			isa = PBXContainerItemProxy;
			containerPortal = 4D17ECE61C425E6F0027E280 /* wave_graph_6.xcodeproj */;
			proxyType = 2;
			remoteGlobalIDString = 4D17EC6D1C4195970027E280;
			remoteInfo = "wave_spectrum_1 copy 2";
		};
		4D17ED711C425E700027E280 /* PBXContainerItemProxy */ = {
			isa = PBXContainerItemProxy;
			containerPortal = 4D17ECE91C425E6F0027E280 /* wave_handle_1.xcodeproj */;
			proxyType = 2;
			remoteGlobalIDString = 8D1107320486CEB800E47090;
			remoteInfo = wave_handle_1;
		};
		4D17ED741C425E700027E280 /* PBXContainerItemProxy */ = {
			isa = PBXContainerItemProxy;
			containerPortal = 4D17ECEC1C425E6F0027E280 /* wave_multi_0.xcodeproj */;
			proxyType = 2;
			remoteGlobalIDString = 8D1107320486CEB800E47090;
			remoteInfo = wave_multi_0;
		};
		4D17ED771C425E700027E280 /* PBXContainerItemProxy */ = {
			isa = PBXContainerItemProxy;
			containerPortal = 4D17ECEF1C425E6F0027E280 /* wave_multi_1.xcodeproj */;
			proxyType = 2;
			remoteGlobalIDString = 8D1107320486CEB800E47090;
			remoteInfo = wave_multi_1;
		};
		4D17ED7A1C425E700027E280 /* PBXContainerItemProxy */ = {
			isa = PBXContainerItemProxy;
			containerPortal = 4D17ECF21C425E6F0027E280 /* wave_spectrum_1.xcodeproj */;
			proxyType = 2;
			remoteGlobalIDString = 8D1107320486CEB800E47090;
			remoteInfo = wave_spectrum_1;
		};
		4D17ED7D1C425E700027E280 /* PBXContainerItemProxy */ = {
			isa = PBXContainerItemProxy;
			containerPortal = 4D17ECF51C425E6F0027E280 /* wave_split_1.xcodeproj */;
			proxyType = 2;
			remoteGlobalIDString = 8D1107320486CEB800E47090;
			remoteInfo = wave_split_1;
		};
		4D17ED811C425E700027E280 /* PBXContainerItemProxy */ = {
			isa = PBXContainerItemProxy;
			containerPortal = 4D17ECF81C425E6F0027E280 /* wave_voronoi_1.xcodeproj */;
			proxyType = 2;
			remoteGlobalIDString = 8D1107320486CEB800E47090;
			remoteInfo = wave_voronoi_1;
		};
		4D17ED831C425E700027E280 /* PBXContainerItemProxy */ = {
			isa = PBXContainerItemProxy;
			containerPortal = 4D17ECF81C425E6F0027E280 /* wave_voronoi_1.xcodeproj */;
			proxyType = 2;
			remoteGlobalIDString = 6AECD1BF1C15CD3400FE5DB4;
			remoteInfo = "wave_voronoi_1 copy";
		};
		4D307D681C42A89F00F9DD26 /* PBXContainerItemProxy */ = {
			isa = PBXContainerItemProxy;
			containerPortal = 4D17EC9B1C425E6E0027E280 /* city_1.xcodeproj */;
			proxyType = 1;
			remoteGlobalIDString = 8D1107260486CEB800E47090;
			remoteInfo = city_1;
		};
		4D307D6A1C42A89F00F9DD26 /* PBXContainerItemProxy */ = {
			isa = PBXContainerItemProxy;
			containerPortal = 4D17EC9E1C425E6E0027E280 /* contour_0.xcodeproj */;
			proxyType = 1;
			remoteGlobalIDString = 8D1107260486CEB800E47090;
			remoteInfo = contour_0;
		};
		4D307D6C1C42A89F00F9DD26 /* PBXContainerItemProxy */ = {
			isa = PBXContainerItemProxy;
			containerPortal = 4D17ECA11C425E6E0027E280 /* contour_rot_1.xcodeproj */;
			proxyType = 1;
			remoteGlobalIDString = 8D1107260486CEB800E47090;
			remoteInfo = contour_1;
		};
		4D307D6E1C42A89F00F9DD26 /* PBXContainerItemProxy */ = {
			isa = PBXContainerItemProxy;
			containerPortal = 4D17ECA41C425E6E0027E280 /* cv_test.xcodeproj */;
			proxyType = 1;
			remoteGlobalIDString = 8D1107260486CEB800E47090;
			remoteInfo = cv_test;
		};
		4D307D701C42A89F00F9DD26 /* PBXContainerItemProxy */ = {
			isa = PBXContainerItemProxy;
			containerPortal = 4D17ECA71C425E6E0027E280 /* line_1.xcodeproj */;
			proxyType = 1;
			remoteGlobalIDString = 8D1107260486CEB800E47090;
			remoteInfo = line_1;
		};
		4D307D721C42A89F00F9DD26 /* PBXContainerItemProxy */ = {
			isa = PBXContainerItemProxy;
			containerPortal = 4D17ECAA1C425E6E0027E280 /* line_2.xcodeproj */;
			proxyType = 1;
			remoteGlobalIDString = 8D1107260486CEB800E47090;
			remoteInfo = line_2;
		};
		4D307D741C42A89F00F9DD26 /* PBXContainerItemProxy */ = {
			isa = PBXContainerItemProxy;
			containerPortal = 4D17ECAD1C425E6E0027E280 /* moving_center_1.xcodeproj */;
			proxyType = 1;
			remoteGlobalIDString = 8D1107260486CEB800E47090;
			remoteInfo = moving_center_1;
		};
		4D307D761C42A89F00F9DD26 /* PBXContainerItemProxy */ = {
			isa = PBXContainerItemProxy;
			containerPortal = 4D17ECB01C425E6E0027E280 /* point_0.xcodeproj */;
			proxyType = 1;
			remoteGlobalIDString = 8D1107260486CEB800E47090;
			remoteInfo = point_0;
		};
		4D307D7A1C42A89F00F9DD26 /* PBXContainerItemProxy */ = {
			isa = PBXContainerItemProxy;
			containerPortal = 4D17ECB61C425E6E0027E280 /* point_1.xcodeproj */;
			proxyType = 1;
			remoteGlobalIDString = 8D1107260486CEB800E47090;
			remoteInfo = point_1;
		};
		4D307D7C1C42A89F00F9DD26 /* PBXContainerItemProxy */ = {
			isa = PBXContainerItemProxy;
			containerPortal = 4D17ECB91C425E6E0027E280 /* point_2.xcodeproj */;
			proxyType = 1;
			remoteGlobalIDString = 8D1107260486CEB800E47090;
			remoteInfo = point_2;
		};
		4D307D7E1C42A89F00F9DD26 /* PBXContainerItemProxy */ = {
			isa = PBXContainerItemProxy;
			containerPortal = 4D17ECBC1C425E6E0027E280 /* red_particle_1.xcodeproj */;
			proxyType = 1;
			remoteGlobalIDString = 8D1107260486CEB800E47090;
			remoteInfo = red_particle_1;
		};
		4D307D801C42A89F00F9DD26 /* PBXContainerItemProxy */ = {
			isa = PBXContainerItemProxy;
			containerPortal = 4D17ECBF1C425E6E0027E280 /* spline_mesh_1.xcodeproj */;
			proxyType = 1;
			remoteGlobalIDString = 8D1107260486CEB800E47090;
			remoteInfo = spline_mesh_1;
		};
		4D307D821C42A89F00F9DD26 /* PBXContainerItemProxy */ = {
			isa = PBXContainerItemProxy;
			containerPortal = 4D17ECC21C425E6E0027E280 /* spline_mesh_2.xcodeproj */;
			proxyType = 1;
			remoteGlobalIDString = 8D1107260486CEB800E47090;
			remoteInfo = spline_mesh_2;
		};
		4D307D841C42A89F00F9DD26 /* PBXContainerItemProxy */ = {
			isa = PBXContainerItemProxy;
			containerPortal = 4D17ECC51C425E6E0027E280 /* strange_perlin_1.xcodeproj */;
			proxyType = 1;
			remoteGlobalIDString = 8D1107260486CEB800E47090;
			remoteInfo = strange_perlin_1;
		};
		4D307D861C42A89F00F9DD26 /* PBXContainerItemProxy */ = {
			isa = PBXContainerItemProxy;
			containerPortal = 4D17ECC81C425E6E0027E280 /* template.xcodeproj */;
			proxyType = 1;
			remoteGlobalIDString = 8D1107260486CEB800E47090;
			remoteInfo = template;
		};
		4D307D8A1C42A89F00F9DD26 /* PBXContainerItemProxy */ = {
			isa = PBXContainerItemProxy;
			containerPortal = 4D17ECCE1C425E6E0027E280 /* USB_DMX_1.xcodeproj */;
			proxyType = 1;
			remoteGlobalIDString = 8D1107260486CEB800E47090;
			remoteInfo = USB_DMX_1;
		};
		4D307D8C1C42A89F00F9DD26 /* PBXContainerItemProxy */ = {
			isa = PBXContainerItemProxy;
			containerPortal = 4D17ECD11C425E6F0027E280 /* wave_fft_1.xcodeproj */;
			proxyType = 1;
			remoteGlobalIDString = 8D1107260486CEB800E47090;
			remoteInfo = wave_fft_1;
		};
		4D307D8E1C42A89F00F9DD26 /* PBXContainerItemProxy */ = {
			isa = PBXContainerItemProxy;
			containerPortal = 4D17ECD41C425E6F0027E280 /* wave_fft_2.xcodeproj */;
			proxyType = 1;
			remoteGlobalIDString = 8D1107260486CEB800E47090;
			remoteInfo = wave_fft_2;
		};
		4D307D901C42A89F00F9DD26 /* PBXContainerItemProxy */ = {
			isa = PBXContainerItemProxy;
			containerPortal = 4D17ECD71C425E6F0027E280 /* wave_graph_1.xcodeproj */;
			proxyType = 1;
			remoteGlobalIDString = 8D1107260486CEB800E47090;
			remoteInfo = wave_graph_1;
		};
		4D307D921C42A89F00F9DD26 /* PBXContainerItemProxy */ = {
			isa = PBXContainerItemProxy;
			containerPortal = 4D17ECDA1C425E6F0027E280 /* wave_graph_2.xcodeproj */;
			proxyType = 1;
			remoteGlobalIDString = 8D1107260486CEB800E47090;
			remoteInfo = wave_graph_2;
		};
		4D307D941C42A89F00F9DD26 /* PBXContainerItemProxy */ = {
			isa = PBXContainerItemProxy;
			containerPortal = 4D17ECDD1C425E6F0027E280 /* wave_graph_3.xcodeproj */;
			proxyType = 1;
			remoteGlobalIDString = 8D1107260486CEB800E47090;
			remoteInfo = wave_graph_3;
		};
		4D307D981C42A89F00F9DD26 /* PBXContainerItemProxy */ = {
			isa = PBXContainerItemProxy;
			containerPortal = 4D17ECE31C425E6F0027E280 /* wave_graph_4.xcodeproj */;
			proxyType = 1;
			remoteGlobalIDString = 8D1107260486CEB800E47090;
			remoteInfo = wave_graph_4;
		};
		4D307D9A1C42A89F00F9DD26 /* PBXContainerItemProxy */ = {
			isa = PBXContainerItemProxy;
			containerPortal = 4D17ECE91C425E6F0027E280 /* wave_handle_1.xcodeproj */;
			proxyType = 1;
			remoteGlobalIDString = 8D1107260486CEB800E47090;
			remoteInfo = wave_handle_1;
		};
		4D307D9C1C42A89F00F9DD26 /* PBXContainerItemProxy */ = {
			isa = PBXContainerItemProxy;
			containerPortal = 4D17ECEC1C425E6F0027E280 /* wave_multi_0.xcodeproj */;
			proxyType = 1;
			remoteGlobalIDString = 8D1107260486CEB800E47090;
			remoteInfo = wave_multi_0;
		};
		4D307D9E1C42A89F00F9DD26 /* PBXContainerItemProxy */ = {
			isa = PBXContainerItemProxy;
			containerPortal = 4D17ECEF1C425E6F0027E280 /* wave_multi_1.xcodeproj */;
			proxyType = 1;
			remoteGlobalIDString = 8D1107260486CEB800E47090;
			remoteInfo = wave_multi_1;
		};
		4D307DA01C42A89F00F9DD26 /* PBXContainerItemProxy */ = {
			isa = PBXContainerItemProxy;
			containerPortal = 4D17ECF21C425E6F0027E280 /* wave_spectrum_1.xcodeproj */;
			proxyType = 1;
			remoteGlobalIDString = 8D1107260486CEB800E47090;
			remoteInfo = wave_spectrum_1;
		};
		4D307DA21C42A89F00F9DD26 /* PBXContainerItemProxy */ = {
			isa = PBXContainerItemProxy;
			containerPortal = 4D17ECF51C425E6F0027E280 /* wave_split_1.xcodeproj */;
			proxyType = 1;
			remoteGlobalIDString = 8D1107260486CEB800E47090;
			remoteInfo = wave_split_1;
		};
		4D307DA41C42A89F00F9DD26 /* PBXContainerItemProxy */ = {
			isa = PBXContainerItemProxy;
			containerPortal = 4D17ECF81C425E6F0027E280 /* wave_voronoi_1.xcodeproj */;
			proxyType = 1;
			remoteGlobalIDString = 8D1107260486CEB800E47090;
			remoteInfo = wave_voronoi_1;
		};
/* End PBXContainerItemProxy section */

/* Begin PBXFileReference section */
		4D17EC9B1C425E6E0027E280 /* city_1.xcodeproj */ = {isa = PBXFileReference; lastKnownFileType = "wrapper.pb-project"; name = city_1.xcodeproj; path = ../city_1/xcode/city_1.xcodeproj; sourceTree = "<group>"; };
		4D17EC9E1C425E6E0027E280 /* contour_0.xcodeproj */ = {isa = PBXFileReference; lastKnownFileType = "wrapper.pb-project"; name = contour_0.xcodeproj; path = ../contour_0/xcode/contour_0.xcodeproj; sourceTree = "<group>"; };
		4D17ECA11C425E6E0027E280 /* contour_rot_1.xcodeproj */ = {isa = PBXFileReference; lastKnownFileType = "wrapper.pb-project"; name = contour_rot_1.xcodeproj; path = ../contour_rot_1/xcode/contour_rot_1.xcodeproj; sourceTree = "<group>"; };
		4D17ECA41C425E6E0027E280 /* cv_test.xcodeproj */ = {isa = PBXFileReference; lastKnownFileType = "wrapper.pb-project"; name = cv_test.xcodeproj; path = ../cv_test/xcode/cv_test.xcodeproj; sourceTree = "<group>"; };
		4D17ECA71C425E6E0027E280 /* line_1.xcodeproj */ = {isa = PBXFileReference; lastKnownFileType = "wrapper.pb-project"; name = line_1.xcodeproj; path = ../line_1/xcode/line_1.xcodeproj; sourceTree = "<group>"; };
		4D17ECAA1C425E6E0027E280 /* line_2.xcodeproj */ = {isa = PBXFileReference; lastKnownFileType = "wrapper.pb-project"; name = line_2.xcodeproj; path = ../line_2/xcode/line_2.xcodeproj; sourceTree = "<group>"; };
		4D17ECAD1C425E6E0027E280 /* moving_center_1.xcodeproj */ = {isa = PBXFileReference; lastKnownFileType = "wrapper.pb-project"; name = moving_center_1.xcodeproj; path = ../moving_center_1/xcode/moving_center_1.xcodeproj; sourceTree = "<group>"; };
		4D17ECB01C425E6E0027E280 /* point_0.xcodeproj */ = {isa = PBXFileReference; lastKnownFileType = "wrapper.pb-project"; name = point_0.xcodeproj; path = ../point_0/xcode/point_0.xcodeproj; sourceTree = "<group>"; };
		4D17ECB31C425E6E0027E280 /* point_3.xcodeproj */ = {isa = PBXFileReference; lastKnownFileType = "wrapper.pb-project"; name = point_3.xcodeproj; path = ../point_3/xcode/point_3.xcodeproj; sourceTree = "<group>"; };
		4D17ECB61C425E6E0027E280 /* point_1.xcodeproj */ = {isa = PBXFileReference; lastKnownFileType = "wrapper.pb-project"; name = point_1.xcodeproj; path = ../point_1/xcode/point_1.xcodeproj; sourceTree = "<group>"; };
		4D17ECB91C425E6E0027E280 /* point_2.xcodeproj */ = {isa = PBXFileReference; lastKnownFileType = "wrapper.pb-project"; name = point_2.xcodeproj; path = ../point_2/xcode/point_2.xcodeproj; sourceTree = "<group>"; };
		4D17ECBC1C425E6E0027E280 /* red_particle_1.xcodeproj */ = {isa = PBXFileReference; lastKnownFileType = "wrapper.pb-project"; name = red_particle_1.xcodeproj; path = ../red_particle_1/xcode/red_particle_1.xcodeproj; sourceTree = "<group>"; };
		4D17ECBF1C425E6E0027E280 /* spline_mesh_1.xcodeproj */ = {isa = PBXFileReference; lastKnownFileType = "wrapper.pb-project"; name = spline_mesh_1.xcodeproj; path = ../spline_mesh_1/xcode/spline_mesh_1.xcodeproj; sourceTree = "<group>"; };
		4D17ECC21C425E6E0027E280 /* spline_mesh_2.xcodeproj */ = {isa = PBXFileReference; lastKnownFileType = "wrapper.pb-project"; name = spline_mesh_2.xcodeproj; path = ../spline_mesh_2/xcode/spline_mesh_2.xcodeproj; sourceTree = "<group>"; };
		4D17ECC51C425E6E0027E280 /* strange_perlin_1.xcodeproj */ = {isa = PBXFileReference; lastKnownFileType = "wrapper.pb-project"; name = strange_perlin_1.xcodeproj; path = ../strange_perlin_1/xcode/strange_perlin_1.xcodeproj; sourceTree = "<group>"; };
		4D17ECC81C425E6E0027E280 /* template.xcodeproj */ = {isa = PBXFileReference; lastKnownFileType = "wrapper.pb-project"; name = template.xcodeproj; path = ../_template/xcode/template.xcodeproj; sourceTree = "<group>"; };
		4D17ECCE1C425E6E0027E280 /* USB_DMX_1.xcodeproj */ = {isa = PBXFileReference; lastKnownFileType = "wrapper.pb-project"; name = USB_DMX_1.xcodeproj; path = ../USB_DMX_1/xcode/USB_DMX_1.xcodeproj; sourceTree = "<group>"; };
		4D17ECD11C425E6F0027E280 /* wave_fft_1.xcodeproj */ = {isa = PBXFileReference; lastKnownFileType = "wrapper.pb-project"; name = wave_fft_1.xcodeproj; path = ../wave_fft_1/xcode/wave_fft_1.xcodeproj; sourceTree = "<group>"; };
		4D17ECD41C425E6F0027E280 /* wave_fft_2.xcodeproj */ = {isa = PBXFileReference; lastKnownFileType = "wrapper.pb-project"; name = wave_fft_2.xcodeproj; path = ../wave_fft_2/xcode/wave_fft_2.xcodeproj; sourceTree = "<group>"; };
		4D17ECD71C425E6F0027E280 /* wave_graph_1.xcodeproj */ = {isa = PBXFileReference; lastKnownFileType = "wrapper.pb-project"; name = wave_graph_1.xcodeproj; path = ../wave_graph_1/xcode/wave_graph_1.xcodeproj; sourceTree = "<group>"; };
		4D17ECDA1C425E6F0027E280 /* wave_graph_2.xcodeproj */ = {isa = PBXFileReference; lastKnownFileType = "wrapper.pb-project"; name = wave_graph_2.xcodeproj; path = ../wave_graph_2/xcode/wave_graph_2.xcodeproj; sourceTree = "<group>"; };
		4D17ECDD1C425E6F0027E280 /* wave_graph_3.xcodeproj */ = {isa = PBXFileReference; lastKnownFileType = "wrapper.pb-project"; name = wave_graph_3.xcodeproj; path = ../wave_graph_3/xcode/wave_graph_3.xcodeproj; sourceTree = "<group>"; };
		4D17ECE01C425E6F0027E280 /* wave_graph_5.xcodeproj */ = {isa = PBXFileReference; lastKnownFileType = "wrapper.pb-project"; name = wave_graph_5.xcodeproj; path = ../wave_graph_5/xcode/wave_graph_5.xcodeproj; sourceTree = "<group>"; };
		4D17ECE31C425E6F0027E280 /* wave_graph_4.xcodeproj */ = {isa = PBXFileReference; lastKnownFileType = "wrapper.pb-project"; name = wave_graph_4.xcodeproj; path = ../wave_graph_4/xcode/wave_graph_4.xcodeproj; sourceTree = "<group>"; };
		4D17ECE61C425E6F0027E280 /* wave_graph_6.xcodeproj */ = {isa = PBXFileReference; lastKnownFileType = "wrapper.pb-project"; name = wave_graph_6.xcodeproj; path = ../wave_graph_6/xcode/wave_graph_6.xcodeproj; sourceTree = "<group>"; };
		4D17ECE91C425E6F0027E280 /* wave_handle_1.xcodeproj */ = {isa = PBXFileReference; lastKnownFileType = "wrapper.pb-project"; name = wave_handle_1.xcodeproj; path = ../wave_handle_1/xcode/wave_handle_1.xcodeproj; sourceTree = "<group>"; };
		4D17ECEC1C425E6F0027E280 /* wave_multi_0.xcodeproj */ = {isa = PBXFileReference; lastKnownFileType = "wrapper.pb-project"; name = wave_multi_0.xcodeproj; path = ../wave_multi_0/xcode/wave_multi_0.xcodeproj; sourceTree = "<group>"; };
		4D17ECEF1C425E6F0027E280 /* wave_multi_1.xcodeproj */ = {isa = PBXFileReference; lastKnownFileType = "wrapper.pb-project"; name = wave_multi_1.xcodeproj; path = ../wave_multi_1/xcode/wave_multi_1.xcodeproj; sourceTree = "<group>"; };
		4D17ECF21C425E6F0027E280 /* wave_spectrum_1.xcodeproj */ = {isa = PBXFileReference; lastKnownFileType = "wrapper.pb-project"; name = wave_spectrum_1.xcodeproj; path = ../wave_spectrum_1/xcode/wave_spectrum_1.xcodeproj; sourceTree = "<group>"; };
		4D17ECF51C425E6F0027E280 /* wave_split_1.xcodeproj */ = {isa = PBXFileReference; lastKnownFileType = "wrapper.pb-project"; name = wave_split_1.xcodeproj; path = ../wave_split_1/xcode/wave_split_1.xcodeproj; sourceTree = "<group>"; };
		4D17ECF81C425E6F0027E280 /* wave_voronoi_1.xcodeproj */ = {isa = PBXFileReference; lastKnownFileType = "wrapper.pb-project"; name = wave_voronoi_1.xcodeproj; path = ../wave_voronoi_1/xcode/wave_voronoi_1.xcodeproj; sourceTree = "<group>"; };
/* End PBXFileReference section */

/* Begin PBXGroup section */
		4D17EC9C1C425E6E0027E280 /* Products */ = {
			isa = PBXGroup;
			children = (
				4D17ED021C425E700027E280 /* city_1.app */,
				4D17ED041C425E700027E280 /* city_1 copy.app */,
				4D17ED061C425E700027E280 /* city_1 copy 2.app */,
			);
			name = Products;
			sourceTree = "<group>";
		};
		4D17EC9F1C425E6E0027E280 /* Products */ = {
			isa = PBXGroup;
			children = (
				4D17ED091C425E700027E280 /* contour_0.app */,
			);
			name = Products;
			sourceTree = "<group>";
		};
		4D17ECA21C425E6E0027E280 /* Products */ = {
			isa = PBXGroup;
			children = (
				4D17ED0E1C425E700027E280 /* contour_rot_1.app */,
				4D17ED101C425E700027E280 /* contour_1 copy.app */,
				4D17ED121C425E700027E280 /* contour_1 copy 2.app */,
			);
			name = Products;
			sourceTree = "<group>";
		};
		4D17ECA51C425E6E0027E280 /* Products */ = {
			isa = PBXGroup;
			children = (
				4D17ED151C425E700027E280 /* cv_test.app */,
			);
			name = Products;
			sourceTree = "<group>";
		};
		4D17ECA81C425E6E0027E280 /* Products */ = {
			isa = PBXGroup;
			children = (
				4D17ED181C425E700027E280 /* line_1.app */,
			);
			name = Products;
			sourceTree = "<group>";
		};
		4D17ECAB1C425E6E0027E280 /* Products */ = {
			isa = PBXGroup;
			children = (
				4D17ED1B1C425E700027E280 /* line_2.app */,
			);
			name = Products;
			sourceTree = "<group>";
		};
		4D17ECAE1C425E6E0027E280 /* Products */ = {
			isa = PBXGroup;
			children = (
				4D17ED1E1C425E700027E280 /* moving_center_1.app */,
			);
			name = Products;
			sourceTree = "<group>";
		};
		4D17ECB11C425E6E0027E280 /* Products */ = {
			isa = PBXGroup;
			children = (
				4D17ED251C425E700027E280 /* point_0.app */,
				4D17ED271C425E700027E280 /* point_0 copy.app */,
			);
			name = Products;
			sourceTree = "<group>";
		};
		4D17ECB71C425E6E0027E280 /* Products */ = {
			isa = PBXGroup;
			children = (
				4D17ED2B1C425E700027E280 /* point_1.app */,
				4D17ED2D1C425E700027E280 /* point_1 copy.app */,
			);
			name = Products;
			sourceTree = "<group>";
		};
		4D17ECBA1C425E6E0027E280 /* Products */ = {
			isa = PBXGroup;
			children = (
				4D17ED311C425E700027E280 /* point_2.app */,
				4D17ED331C425E700027E280 /* point_2 copy.app */,
			);
			name = Products;
			sourceTree = "<group>";
		};
		4D17ECBD1C425E6E0027E280 /* Products */ = {
			isa = PBXGroup;
			children = (
				4D17ED361C425E700027E280 /* red_particle_1.app */,
			);
			name = Products;
			sourceTree = "<group>";
		};
		4D17ECC01C425E6E0027E280 /* Products */ = {
			isa = PBXGroup;
			children = (
				4D17ED391C425E700027E280 /* spline_mesh_1.app */,
			);
			name = Products;
			sourceTree = "<group>";
		};
		4D17ECC31C425E6E0027E280 /* Products */ = {
			isa = PBXGroup;
			children = (
				4D17ED3D1C425E700027E280 /* spline_mesh_2.app */,
				4D17ED3F1C425E700027E280 /* spline_mesh_2 copy.app */,
			);
			name = Products;
			sourceTree = "<group>";
		};
		4D17ECC61C425E6E0027E280 /* Products */ = {
			isa = PBXGroup;
			children = (
				4D17ED421C425E700027E280 /* strange_perlin_1.app */,
			);
			name = Products;
			sourceTree = "<group>";
		};
		4D17ECC91C425E6E0027E280 /* Products */ = {
			isa = PBXGroup;
			children = (
				4D17ED451C425E700027E280 /* template.app */,
			);
			name = Products;
			sourceTree = "<group>";
		};
		4D17ECCF1C425E6E0027E280 /* Products */ = {
			isa = PBXGroup;
			children = (
				4D17ED4B1C425E700027E280 /* USB_DMX_1.app */,
			);
			name = Products;
			sourceTree = "<group>";
		};
		4D17ECD21C425E6F0027E280 /* Products */ = {
			isa = PBXGroup;
			children = (
				4D17ED4E1C425E700027E280 /* wave_fft_1.app */,
			);
			name = Products;
			sourceTree = "<group>";
		};
		4D17ECD51C425E6F0027E280 /* Products */ = {
			isa = PBXGroup;
			children = (
				4D17ED511C425E700027E280 /* wave_fft_2.app */,
			);
			name = Products;
			sourceTree = "<group>";
		};
		4D17ECD81C425E6F0027E280 /* Products */ = {
			isa = PBXGroup;
			children = (
				4D17ED541C425E700027E280 /* wave_graph_1.app */,
			);
			name = Products;
			sourceTree = "<group>";
		};
		4D17ECDB1C425E6F0027E280 /* Products */ = {
			isa = PBXGroup;
			children = (
				4D17ED571C425E700027E280 /* wave_graph_2.app */,
			);
			name = Products;
			sourceTree = "<group>";
		};
		4D17ECDE1C425E6F0027E280 /* Products */ = {
			isa = PBXGroup;
			children = (
				4D17ED5A1C425E700027E280 /* wave_graph_3.app */,
			);
			name = Products;
			sourceTree = "<group>";
		};
		4D17ECE41C425E6F0027E280 /* Products */ = {
			isa = PBXGroup;
			children = (
				4D17ED5E1C425E700027E280 /* wave_graph_4.app */,
				4D17ED601C425E700027E280 /* wave_graph_4 copy.app */,
			);
			name = Products;
			sourceTree = "<group>";
		};
		4D17ECE71C425E6F0027E280 /* Products */ = {
			isa = PBXGroup;
			children = (
				4D17ED6B1C425E700027E280 /* wave_graph_6.app */,
				4D17ED6D1C425E700027E280 /* wave_graph_6_2.app */,
				4D17ED6F1C425E700027E280 /* wave_graph_6_3.app */,
			);
			name = Products;
			sourceTree = "<group>";
		};
		4D17ECEA1C425E6F0027E280 /* Products */ = {
			isa = PBXGroup;
			children = (
				4D17ED721C425E700027E280 /* wave_handle_1.app */,
			);
			name = Products;
			sourceTree = "<group>";
		};
		4D17ECED1C425E6F0027E280 /* Products */ = {
			isa = PBXGroup;
			children = (
				4D17ED751C425E700027E280 /* wave_multi_0.app */,
			);
			name = Products;
			sourceTree = "<group>";
		};
		4D17ECF01C425E6F0027E280 /* Products */ = {
			isa = PBXGroup;
			children = (
				4D17ED781C425E700027E280 /* wave_multi_1.app */,
			);
			name = Products;
			sourceTree = "<group>";
		};
		4D17ECF31C425E6F0027E280 /* Products */ = {
			isa = PBXGroup;
			children = (
				4D17ED7B1C425E700027E280 /* wave_spectrum_1.app */,
			);
			name = Products;
			sourceTree = "<group>";
		};
		4D17ECF61C425E6F0027E280 /* Products */ = {
			isa = PBXGroup;
			children = (
				4D17ED7E1C425E700027E280 /* wave_split_1.app */,
			);
			name = Products;
			sourceTree = "<group>";
		};
		4D17ECF91C425E6F0027E280 /* Products */ = {
			isa = PBXGroup;
			children = (
				4D17ED821C425E700027E280 /* wave_voronoi_1.app */,
				4D17ED841C425E700027E280 /* wave_voronoi_1 copy.app */,
			);
			name = Products;
			sourceTree = "<group>";
		};
		6A8A980E1BE62D62006BD10C = {
			isa = PBXGroup;
			children = (
				4D17EC9B1C425E6E0027E280 /* city_1.xcodeproj */,
				4D17EC9E1C425E6E0027E280 /* contour_0.xcodeproj */,
				4D17ECA11C425E6E0027E280 /* contour_rot_1.xcodeproj */,
				4D17ECA41C425E6E0027E280 /* cv_test.xcodeproj */,
				4D17ECA71C425E6E0027E280 /* line_1.xcodeproj */,
				4D17ECAA1C425E6E0027E280 /* line_2.xcodeproj */,
				4D17ECAD1C425E6E0027E280 /* moving_center_1.xcodeproj */,
				4D17ECB01C425E6E0027E280 /* point_0.xcodeproj */,
				4D17ECB31C425E6E0027E280 /* point_3.xcodeproj */,
				4D17ECB61C425E6E0027E280 /* point_1.xcodeproj */,
				4D17ECB91C425E6E0027E280 /* point_2.xcodeproj */,
				4D17ECBC1C425E6E0027E280 /* red_particle_1.xcodeproj */,
				4D17ECBF1C425E6E0027E280 /* spline_mesh_1.xcodeproj */,
				4D17ECC21C425E6E0027E280 /* spline_mesh_2.xcodeproj */,
				4D17ECC51C425E6E0027E280 /* strange_perlin_1.xcodeproj */,
				4D17ECC81C425E6E0027E280 /* template.xcodeproj */,
				4D17ECCE1C425E6E0027E280 /* USB_DMX_1.xcodeproj */,
				4D17ECD11C425E6F0027E280 /* wave_fft_1.xcodeproj */,
				4D17ECD41C425E6F0027E280 /* wave_fft_2.xcodeproj */,
				4D17ECD71C425E6F0027E280 /* wave_graph_1.xcodeproj */,
				4D17ECDA1C425E6F0027E280 /* wave_graph_2.xcodeproj */,
				4D17ECDD1C425E6F0027E280 /* wave_graph_3.xcodeproj */,
				4D17ECE01C425E6F0027E280 /* wave_graph_5.xcodeproj */,
				4D17ECE31C425E6F0027E280 /* wave_graph_4.xcodeproj */,
				4D17ECE61C425E6F0027E280 /* wave_graph_6.xcodeproj */,
				4D17ECE91C425E6F0027E280 /* wave_handle_1.xcodeproj */,
				4D17ECEC1C425E6F0027E280 /* wave_multi_0.xcodeproj */,
				4D17ECEF1C425E6F0027E280 /* wave_multi_1.xcodeproj */,
				4D17ECF21C425E6F0027E280 /* wave_spectrum_1.xcodeproj */,
				4D17ECF51C425E6F0027E280 /* wave_split_1.xcodeproj */,
				4D17ECF81C425E6F0027E280 /* wave_voronoi_1.xcodeproj */,
			);
			sourceTree = "<group>";
		};
/* End PBXGroup section */

/* Begin PBXProject section */
		6A8A980F1BE62D62006BD10C /* Project object */ = {
			isa = PBXProject;
			attributes = {
				LastUpgradeCheck = 0720;
				TargetAttributes = {
					6A8A991A1BE62E7A006BD10C = {
						CreatedOnToolsVersion = 6.4;
					};
				};
			};
			buildConfigurationList = 6A8A98121BE62D62006BD10C /* Build configuration list for PBXProject "_node_all" */;
			compatibilityVersion = "Xcode 3.2";
			developmentRegion = English;
			hasScannedForEncodings = 0;
			knownRegions = (
				en,
			);
			mainGroup = 6A8A980E1BE62D62006BD10C;
			projectDirPath = "";
			projectReferences = (
				{
					ProductGroup = 4D17EC9C1C425E6E0027E280 /* Products */;
					ProjectRef = 4D17EC9B1C425E6E0027E280 /* city_1.xcodeproj */;
				},
				{
					ProductGroup = 4D17EC9F1C425E6E0027E280 /* Products */;
					ProjectRef = 4D17EC9E1C425E6E0027E280 /* contour_0.xcodeproj */;
				},
				{
					ProductGroup = 4D17ECA21C425E6E0027E280 /* Products */;
					ProjectRef = 4D17ECA11C425E6E0027E280 /* contour_rot_1.xcodeproj */;
				},
				{
					ProductGroup = 4D17ECA51C425E6E0027E280 /* Products */;
					ProjectRef = 4D17ECA41C425E6E0027E280 /* cv_test.xcodeproj */;
				},
				{
					ProductGroup = 4D17ECA81C425E6E0027E280 /* Products */;
					ProjectRef = 4D17ECA71C425E6E0027E280 /* line_1.xcodeproj */;
				},
				{
					ProductGroup = 4D17ECAB1C425E6E0027E280 /* Products */;
					ProjectRef = 4D17ECAA1C425E6E0027E280 /* line_2.xcodeproj */;
				},
				{
					ProductGroup = 4D17ECAE1C425E6E0027E280 /* Products */;
					ProjectRef = 4D17ECAD1C425E6E0027E280 /* moving_center_1.xcodeproj */;
				},
				{
					ProductGroup = 4D17ECB11C425E6E0027E280 /* Products */;
					ProjectRef = 4D17ECB01C425E6E0027E280 /* point_0.xcodeproj */;
				},
				{
					ProductGroup = 4D17ECB71C425E6E0027E280 /* Products */;
					ProjectRef = 4D17ECB61C425E6E0027E280 /* point_1.xcodeproj */;
				},
				{
					ProductGroup = 4D17ECBA1C425E6E0027E280 /* Products */;
					ProjectRef = 4D17ECB91C425E6E0027E280 /* point_2.xcodeproj */;
				},
				{
					ProductGroup = 4D17ECBD1C425E6E0027E280 /* Products */;
					ProjectRef = 4D17ECBC1C425E6E0027E280 /* red_particle_1.xcodeproj */;
				},
				{
					ProductGroup = 4D17ECC01C425E6E0027E280 /* Products */;
					ProjectRef = 4D17ECBF1C425E6E0027E280 /* spline_mesh_1.xcodeproj */;
				},
				{
					ProductGroup = 4D17ECC31C425E6E0027E280 /* Products */;
					ProjectRef = 4D17ECC21C425E6E0027E280 /* spline_mesh_2.xcodeproj */;
				},
				{
					ProductGroup = 4D17ECC61C425E6E0027E280 /* Products */;
					ProjectRef = 4D17ECC51C425E6E0027E280 /* strange_perlin_1.xcodeproj */;
				},
				{
					ProductGroup = 4D17ECC91C425E6E0027E280 /* Products */;
					ProjectRef = 4D17ECC81C425E6E0027E280 /* template.xcodeproj */;
				},
				{
					ProductGroup = 4D17ECCF1C425E6E0027E280 /* Products */;
					ProjectRef = 4D17ECCE1C425E6E0027E280 /* USB_DMX_1.xcodeproj */;
				},
				{
					ProductGroup = 4D17ECD21C425E6F0027E280 /* Products */;
					ProjectRef = 4D17ECD11C425E6F0027E280 /* wave_fft_1.xcodeproj */;
				},
				{
					ProductGroup = 4D17ECD51C425E6F0027E280 /* Products */;
					ProjectRef = 4D17ECD41C425E6F0027E280 /* wave_fft_2.xcodeproj */;
				},
				{
					ProductGroup = 4D17ECD81C425E6F0027E280 /* Products */;
					ProjectRef = 4D17ECD71C425E6F0027E280 /* wave_graph_1.xcodeproj */;
				},
				{
					ProductGroup = 4D17ECDB1C425E6F0027E280 /* Products */;
					ProjectRef = 4D17ECDA1C425E6F0027E280 /* wave_graph_2.xcodeproj */;
				},
				{
					ProductGroup = 4D17ECDE1C425E6F0027E280 /* Products */;
					ProjectRef = 4D17ECDD1C425E6F0027E280 /* wave_graph_3.xcodeproj */;
				},
				{
					ProductGroup = 4D17ECE41C425E6F0027E280 /* Products */;
					ProjectRef = 4D17ECE31C425E6F0027E280 /* wave_graph_4.xcodeproj */;
				},
				{
					ProductGroup = 4D17ECE71C425E6F0027E280 /* Products */;
					ProjectRef = 4D17ECE61C425E6F0027E280 /* wave_graph_6.xcodeproj */;
				},
				{
					ProductGroup = 4D17ECEA1C425E6F0027E280 /* Products */;
					ProjectRef = 4D17ECE91C425E6F0027E280 /* wave_handle_1.xcodeproj */;
				},
				{
					ProductGroup = 4D17ECED1C425E6F0027E280 /* Products */;
					ProjectRef = 4D17ECEC1C425E6F0027E280 /* wave_multi_0.xcodeproj */;
				},
				{
					ProductGroup = 4D17ECF01C425E6F0027E280 /* Products */;
					ProjectRef = 4D17ECEF1C425E6F0027E280 /* wave_multi_1.xcodeproj */;
				},
				{
					ProductGroup = 4D17ECF31C425E6F0027E280 /* Products */;
					ProjectRef = 4D17ECF21C425E6F0027E280 /* wave_spectrum_1.xcodeproj */;
				},
				{
					ProductGroup = 4D17ECF61C425E6F0027E280 /* Products */;
					ProjectRef = 4D17ECF51C425E6F0027E280 /* wave_split_1.xcodeproj */;
				},
				{
					ProductGroup = 4D17ECF91C425E6F0027E280 /* Products */;
					ProjectRef = 4D17ECF81C425E6F0027E280 /* wave_voronoi_1.xcodeproj */;
				},
			);
			projectRoot = "";
			targets = (
				6A8A991A1BE62E7A006BD10C /* _node_all */,
			);
		};
/* End PBXProject section */

/* Begin PBXReferenceProxy section */
		4D17ED021C425E700027E280 /* city_1.app */ = {
			isa = PBXReferenceProxy;
			fileType = wrapper.application;
			path = city_1.app;
			remoteRef = 4D17ED011C425E700027E280 /* PBXContainerItemProxy */;
			sourceTree = BUILT_PRODUCTS_DIR;
		};
		4D17ED041C425E700027E280 /* city_1 copy.app */ = {
			isa = PBXReferenceProxy;
			fileType = wrapper.application;
			path = "city_1 copy.app";
			remoteRef = 4D17ED031C425E700027E280 /* PBXContainerItemProxy */;
			sourceTree = BUILT_PRODUCTS_DIR;
		};
		4D17ED061C425E700027E280 /* city_1 copy 2.app */ = {
			isa = PBXReferenceProxy;
			fileType = wrapper.application;
			path = "city_1 copy 2.app";
			remoteRef = 4D17ED051C425E700027E280 /* PBXContainerItemProxy */;
			sourceTree = BUILT_PRODUCTS_DIR;
		};
		4D17ED091C425E700027E280 /* contour_0.app */ = {
			isa = PBXReferenceProxy;
			fileType = wrapper.application;
			path = contour_0.app;
			remoteRef = 4D17ED081C425E700027E280 /* PBXContainerItemProxy */;
			sourceTree = BUILT_PRODUCTS_DIR;
		};
		4D17ED0E1C425E700027E280 /* contour_rot_1.app */ = {
			isa = PBXReferenceProxy;
			fileType = wrapper.application;
			path = contour_rot_1.app;
			remoteRef = 4D17ED0D1C425E700027E280 /* PBXContainerItemProxy */;
			sourceTree = BUILT_PRODUCTS_DIR;
		};
		4D17ED101C425E700027E280 /* contour_1 copy.app */ = {
			isa = PBXReferenceProxy;
			fileType = wrapper.application;
			path = "contour_1 copy.app";
			remoteRef = 4D17ED0F1C425E700027E280 /* PBXContainerItemProxy */;
			sourceTree = BUILT_PRODUCTS_DIR;
		};
		4D17ED121C425E700027E280 /* contour_1 copy 2.app */ = {
			isa = PBXReferenceProxy;
			fileType = wrapper.application;
			path = "contour_1 copy 2.app";
			remoteRef = 4D17ED111C425E700027E280 /* PBXContainerItemProxy */;
			sourceTree = BUILT_PRODUCTS_DIR;
		};
		4D17ED151C425E700027E280 /* cv_test.app */ = {
			isa = PBXReferenceProxy;
			fileType = wrapper.application;
			path = cv_test.app;
			remoteRef = 4D17ED141C425E700027E280 /* PBXContainerItemProxy */;
			sourceTree = BUILT_PRODUCTS_DIR;
		};
		4D17ED181C425E700027E280 /* line_1.app */ = {
			isa = PBXReferenceProxy;
			fileType = wrapper.application;
			path = line_1.app;
			remoteRef = 4D17ED171C425E700027E280 /* PBXContainerItemProxy */;
			sourceTree = BUILT_PRODUCTS_DIR;
		};
		4D17ED1B1C425E700027E280 /* line_2.app */ = {
			isa = PBXReferenceProxy;
			fileType = wrapper.application;
			path = line_2.app;
			remoteRef = 4D17ED1A1C425E700027E280 /* PBXContainerItemProxy */;
			sourceTree = BUILT_PRODUCTS_DIR;
		};
		4D17ED1E1C425E700027E280 /* moving_center_1.app */ = {
			isa = PBXReferenceProxy;
			fileType = wrapper.application;
			path = moving_center_1.app;
			remoteRef = 4D17ED1D1C425E700027E280 /* PBXContainerItemProxy */;
			sourceTree = BUILT_PRODUCTS_DIR;
		};
		4D17ED251C425E700027E280 /* point_0.app */ = {
			isa = PBXReferenceProxy;
			fileType = wrapper.application;
			path = point_0.app;
			remoteRef = 4D17ED241C425E700027E280 /* PBXContainerItemProxy */;
			sourceTree = BUILT_PRODUCTS_DIR;
		};
		4D17ED271C425E700027E280 /* point_0 copy.app */ = {
			isa = PBXReferenceProxy;
			fileType = wrapper.application;
			path = "point_0 copy.app";
			remoteRef = 4D17ED261C425E700027E280 /* PBXContainerItemProxy */;
			sourceTree = BUILT_PRODUCTS_DIR;
		};
		4D17ED2B1C425E700027E280 /* point_1.app */ = {
			isa = PBXReferenceProxy;
			fileType = wrapper.application;
			path = point_1.app;
			remoteRef = 4D17ED2A1C425E700027E280 /* PBXContainerItemProxy */;
			sourceTree = BUILT_PRODUCTS_DIR;
		};
		4D17ED2D1C425E700027E280 /* point_1 copy.app */ = {
			isa = PBXReferenceProxy;
			fileType = wrapper.application;
			path = "point_1 copy.app";
			remoteRef = 4D17ED2C1C425E700027E280 /* PBXContainerItemProxy */;
			sourceTree = BUILT_PRODUCTS_DIR;
		};
		4D17ED311C425E700027E280 /* point_2.app */ = {
			isa = PBXReferenceProxy;
			fileType = wrapper.application;
			path = point_2.app;
			remoteRef = 4D17ED301C425E700027E280 /* PBXContainerItemProxy */;
			sourceTree = BUILT_PRODUCTS_DIR;
		};
		4D17ED331C425E700027E280 /* point_2 copy.app */ = {
			isa = PBXReferenceProxy;
			fileType = wrapper.application;
			path = "point_2 copy.app";
			remoteRef = 4D17ED321C425E700027E280 /* PBXContainerItemProxy */;
			sourceTree = BUILT_PRODUCTS_DIR;
		};
		4D17ED361C425E700027E280 /* red_particle_1.app */ = {
			isa = PBXReferenceProxy;
			fileType = wrapper.application;
			path = red_particle_1.app;
			remoteRef = 4D17ED351C425E700027E280 /* PBXContainerItemProxy */;
			sourceTree = BUILT_PRODUCTS_DIR;
		};
		4D17ED391C425E700027E280 /* spline_mesh_1.app */ = {
			isa = PBXReferenceProxy;
			fileType = wrapper.application;
			path = spline_mesh_1.app;
			remoteRef = 4D17ED381C425E700027E280 /* PBXContainerItemProxy */;
			sourceTree = BUILT_PRODUCTS_DIR;
		};
		4D17ED3D1C425E700027E280 /* spline_mesh_2.app */ = {
			isa = PBXReferenceProxy;
			fileType = wrapper.application;
			path = spline_mesh_2.app;
			remoteRef = 4D17ED3C1C425E700027E280 /* PBXContainerItemProxy */;
			sourceTree = BUILT_PRODUCTS_DIR;
		};
		4D17ED3F1C425E700027E280 /* spline_mesh_2 copy.app */ = {
			isa = PBXReferenceProxy;
			fileType = wrapper.application;
			path = "spline_mesh_2 copy.app";
			remoteRef = 4D17ED3E1C425E700027E280 /* PBXContainerItemProxy */;
			sourceTree = BUILT_PRODUCTS_DIR;
		};
		4D17ED421C425E700027E280 /* strange_perlin_1.app */ = {
			isa = PBXReferenceProxy;
			fileType = wrapper.application;
			path = strange_perlin_1.app;
			remoteRef = 4D17ED411C425E700027E280 /* PBXContainerItemProxy */;
			sourceTree = BUILT_PRODUCTS_DIR;
		};
		4D17ED451C425E700027E280 /* template.app */ = {
			isa = PBXReferenceProxy;
			fileType = wrapper.application;
			path = template.app;
			remoteRef = 4D17ED441C425E700027E280 /* PBXContainerItemProxy */;
			sourceTree = BUILT_PRODUCTS_DIR;
		};
		4D17ED4B1C425E700027E280 /* USB_DMX_1.app */ = {
			isa = PBXReferenceProxy;
			fileType = wrapper.application;
			path = USB_DMX_1.app;
			remoteRef = 4D17ED4A1C425E700027E280 /* PBXContainerItemProxy */;
			sourceTree = BUILT_PRODUCTS_DIR;
		};
		4D17ED4E1C425E700027E280 /* wave_fft_1.app */ = {
			isa = PBXReferenceProxy;
			fileType = wrapper.application;
			path = wave_fft_1.app;
			remoteRef = 4D17ED4D1C425E700027E280 /* PBXContainerItemProxy */;
			sourceTree = BUILT_PRODUCTS_DIR;
		};
		4D17ED511C425E700027E280 /* wave_fft_2.app */ = {
			isa = PBXReferenceProxy;
			fileType = wrapper.application;
			path = wave_fft_2.app;
			remoteRef = 4D17ED501C425E700027E280 /* PBXContainerItemProxy */;
			sourceTree = BUILT_PRODUCTS_DIR;
		};
		4D17ED541C425E700027E280 /* wave_graph_1.app */ = {
			isa = PBXReferenceProxy;
			fileType = wrapper.application;
			path = wave_graph_1.app;
			remoteRef = 4D17ED531C425E700027E280 /* PBXContainerItemProxy */;
			sourceTree = BUILT_PRODUCTS_DIR;
		};
		4D17ED571C425E700027E280 /* wave_graph_2.app */ = {
			isa = PBXReferenceProxy;
			fileType = wrapper.application;
			path = wave_graph_2.app;
			remoteRef = 4D17ED561C425E700027E280 /* PBXContainerItemProxy */;
			sourceTree = BUILT_PRODUCTS_DIR;
		};
		4D17ED5A1C425E700027E280 /* wave_graph_3.app */ = {
			isa = PBXReferenceProxy;
			fileType = wrapper.application;
			path = wave_graph_3.app;
			remoteRef = 4D17ED591C425E700027E280 /* PBXContainerItemProxy */;
			sourceTree = BUILT_PRODUCTS_DIR;
		};
		4D17ED5E1C425E700027E280 /* wave_graph_4.app */ = {
			isa = PBXReferenceProxy;
			fileType = wrapper.application;
			path = wave_graph_4.app;
			remoteRef = 4D17ED5D1C425E700027E280 /* PBXContainerItemProxy */;
			sourceTree = BUILT_PRODUCTS_DIR;
		};
		4D17ED601C425E700027E280 /* wave_graph_4 copy.app */ = {
			isa = PBXReferenceProxy;
			fileType = wrapper.application;
			path = "wave_graph_4 copy.app";
			remoteRef = 4D17ED5F1C425E700027E280 /* PBXContainerItemProxy */;
			sourceTree = BUILT_PRODUCTS_DIR;
		};
		4D17ED6B1C425E700027E280 /* wave_graph_6.app */ = {
			isa = PBXReferenceProxy;
			fileType = wrapper.application;
			path = wave_graph_6.app;
			remoteRef = 4D17ED6A1C425E700027E280 /* PBXContainerItemProxy */;
			sourceTree = BUILT_PRODUCTS_DIR;
		};
		4D17ED6D1C425E700027E280 /* wave_graph_6_2.app */ = {
			isa = PBXReferenceProxy;
			fileType = wrapper.application;
			path = wave_graph_6_2.app;
			remoteRef = 4D17ED6C1C425E700027E280 /* PBXContainerItemProxy */;
			sourceTree = BUILT_PRODUCTS_DIR;
		};
		4D17ED6F1C425E700027E280 /* wave_graph_6_3.app */ = {
			isa = PBXReferenceProxy;
			fileType = wrapper.application;
			path = wave_graph_6_3.app;
			remoteRef = 4D17ED6E1C425E700027E280 /* PBXContainerItemProxy */;
			sourceTree = BUILT_PRODUCTS_DIR;
		};
		4D17ED721C425E700027E280 /* wave_handle_1.app */ = {
			isa = PBXReferenceProxy;
			fileType = wrapper.application;
			path = wave_handle_1.app;
			remoteRef = 4D17ED711C425E700027E280 /* PBXContainerItemProxy */;
			sourceTree = BUILT_PRODUCTS_DIR;
		};
		4D17ED751C425E700027E280 /* wave_multi_0.app */ = {
			isa = PBXReferenceProxy;
			fileType = wrapper.application;
			path = wave_multi_0.app;
			remoteRef = 4D17ED741C425E700027E280 /* PBXContainerItemProxy */;
			sourceTree = BUILT_PRODUCTS_DIR;
		};
		4D17ED781C425E700027E280 /* wave_multi_1.app */ = {
			isa = PBXReferenceProxy;
			fileType = wrapper.application;
			path = wave_multi_1.app;
			remoteRef = 4D17ED771C425E700027E280 /* PBXContainerItemProxy */;
			sourceTree = BUILT_PRODUCTS_DIR;
		};
		4D17ED7B1C425E700027E280 /* wave_spectrum_1.app */ = {
			isa = PBXReferenceProxy;
			fileType = wrapper.application;
			path = wave_spectrum_1.app;
			remoteRef = 4D17ED7A1C425E700027E280 /* PBXContainerItemProxy */;
			sourceTree = BUILT_PRODUCTS_DIR;
		};
		4D17ED7E1C425E700027E280 /* wave_split_1.app */ = {
			isa = PBXReferenceProxy;
			fileType = wrapper.application;
			path = wave_split_1.app;
			remoteRef = 4D17ED7D1C425E700027E280 /* PBXContainerItemProxy */;
			sourceTree = BUILT_PRODUCTS_DIR;
		};
		4D17ED821C425E700027E280 /* wave_voronoi_1.app */ = {
			isa = PBXReferenceProxy;
			fileType = wrapper.application;
			path = wave_voronoi_1.app;
			remoteRef = 4D17ED811C425E700027E280 /* PBXContainerItemProxy */;
			sourceTree = BUILT_PRODUCTS_DIR;
		};
		4D17ED841C425E700027E280 /* wave_voronoi_1 copy.app */ = {
			isa = PBXReferenceProxy;
			fileType = wrapper.application;
			path = "wave_voronoi_1 copy.app";
			remoteRef = 4D17ED831C425E700027E280 /* PBXContainerItemProxy */;
			sourceTree = BUILT_PRODUCTS_DIR;
		};
/* End PBXReferenceProxy section */

/* Begin PBXTargetDependency section */
		4D307D691C42A89F00F9DD26 /* PBXTargetDependency */ = {
			isa = PBXTargetDependency;
			name = city_1;
			targetProxy = 4D307D681C42A89F00F9DD26 /* PBXContainerItemProxy */;
		};
		4D307D6B1C42A89F00F9DD26 /* PBXTargetDependency */ = {
			isa = PBXTargetDependency;
			name = contour_0;
			targetProxy = 4D307D6A1C42A89F00F9DD26 /* PBXContainerItemProxy */;
		};
		4D307D6D1C42A89F00F9DD26 /* PBXTargetDependency */ = {
			isa = PBXTargetDependency;
			name = contour_1;
			targetProxy = 4D307D6C1C42A89F00F9DD26 /* PBXContainerItemProxy */;
		};
		4D307D6F1C42A89F00F9DD26 /* PBXTargetDependency */ = {
			isa = PBXTargetDependency;
			name = cv_test;
			targetProxy = 4D307D6E1C42A89F00F9DD26 /* PBXContainerItemProxy */;
		};
		4D307D711C42A89F00F9DD26 /* PBXTargetDependency */ = {
			isa = PBXTargetDependency;
			name = line_1;
			targetProxy = 4D307D701C42A89F00F9DD26 /* PBXContainerItemProxy */;
		};
		4D307D731C42A89F00F9DD26 /* PBXTargetDependency */ = {
			isa = PBXTargetDependency;
			name = line_2;
			targetProxy = 4D307D721C42A89F00F9DD26 /* PBXContainerItemProxy */;
		};
		4D307D751C42A89F00F9DD26 /* PBXTargetDependency */ = {
			isa = PBXTargetDependency;
			name = moving_center_1;
			targetProxy = 4D307D741C42A89F00F9DD26 /* PBXContainerItemProxy */;
		};
		4D307D771C42A89F00F9DD26 /* PBXTargetDependency */ = {
			isa = PBXTargetDependency;
			name = point_0;
			targetProxy = 4D307D761C42A89F00F9DD26 /* PBXContainerItemProxy */;
		};
		4D307D7B1C42A89F00F9DD26 /* PBXTargetDependency */ = {
			isa = PBXTargetDependency;
			name = point_1;
			targetProxy = 4D307D7A1C42A89F00F9DD26 /* PBXContainerItemProxy */;
		};
		4D307D7D1C42A89F00F9DD26 /* PBXTargetDependency */ = {
			isa = PBXTargetDependency;
			name = point_2;
			targetProxy = 4D307D7C1C42A89F00F9DD26 /* PBXContainerItemProxy */;
		};
		4D307D7F1C42A89F00F9DD26 /* PBXTargetDependency */ = {
			isa = PBXTargetDependency;
			name = red_particle_1;
			targetProxy = 4D307D7E1C42A89F00F9DD26 /* PBXContainerItemProxy */;
		};
		4D307D811C42A89F00F9DD26 /* PBXTargetDependency */ = {
			isa = PBXTargetDependency;
			name = spline_mesh_1;
			targetProxy = 4D307D801C42A89F00F9DD26 /* PBXContainerItemProxy */;
		};
		4D307D831C42A89F00F9DD26 /* PBXTargetDependency */ = {
			isa = PBXTargetDependency;
			name = spline_mesh_2;
			targetProxy = 4D307D821C42A89F00F9DD26 /* PBXContainerItemProxy */;
		};
		4D307D851C42A89F00F9DD26 /* PBXTargetDependency */ = {
			isa = PBXTargetDependency;
			name = strange_perlin_1;
			targetProxy = 4D307D841C42A89F00F9DD26 /* PBXContainerItemProxy */;
		};
		4D307D871C42A89F00F9DD26 /* PBXTargetDependency */ = {
			isa = PBXTargetDependency;
			name = template;
			targetProxy = 4D307D861C42A89F00F9DD26 /* PBXContainerItemProxy */;
		};
		4D307D8B1C42A89F00F9DD26 /* PBXTargetDependency */ = {
			isa = PBXTargetDependency;
			name = USB_DMX_1;
			targetProxy = 4D307D8A1C42A89F00F9DD26 /* PBXContainerItemProxy */;
		};
		4D307D8D1C42A89F00F9DD26 /* PBXTargetDependency */ = {
			isa = PBXTargetDependency;
			name = wave_fft_1;
			targetProxy = 4D307D8C1C42A89F00F9DD26 /* PBXContainerItemProxy */;
		};
		4D307D8F1C42A89F00F9DD26 /* PBXTargetDependency */ = {
			isa = PBXTargetDependency;
			name = wave_fft_2;
			targetProxy = 4D307D8E1C42A89F00F9DD26 /* PBXContainerItemProxy */;
		};
		4D307D911C42A89F00F9DD26 /* PBXTargetDependency */ = {
			isa = PBXTargetDependency;
			name = wave_graph_1;
			targetProxy = 4D307D901C42A89F00F9DD26 /* PBXContainerItemProxy */;
		};
		4D307D931C42A89F00F9DD26 /* PBXTargetDependency */ = {
			isa = PBXTargetDependency;
			name = wave_graph_2;
			targetProxy = 4D307D921C42A89F00F9DD26 /* PBXContainerItemProxy */;
		};
		4D307D951C42A89F00F9DD26 /* PBXTargetDependency */ = {
			isa = PBXTargetDependency;
			name = wave_graph_3;
			targetProxy = 4D307D941C42A89F00F9DD26 /* PBXContainerItemProxy */;
		};
		4D307D991C42A89F00F9DD26 /* PBXTargetDependency */ = {
			isa = PBXTargetDependency;
			name = wave_graph_4;
			targetProxy = 4D307D981C42A89F00F9DD26 /* PBXContainerItemProxy */;
		};
		4D307D9B1C42A89F00F9DD26 /* PBXTargetDependency */ = {
			isa = PBXTargetDependency;
			name = wave_handle_1;
			targetProxy = 4D307D9A1C42A89F00F9DD26 /* PBXContainerItemProxy */;
		};
		4D307D9D1C42A89F00F9DD26 /* PBXTargetDependency */ = {
			isa = PBXTargetDependency;
			name = wave_multi_0;
			targetProxy = 4D307D9C1C42A89F00F9DD26 /* PBXContainerItemProxy */;
		};
		4D307D9F1C42A89F00F9DD26 /* PBXTargetDependency */ = {
			isa = PBXTargetDependency;
			name = wave_multi_1;
			targetProxy = 4D307D9E1C42A89F00F9DD26 /* PBXContainerItemProxy */;
		};
		4D307DA11C42A89F00F9DD26 /* PBXTargetDependency */ = {
			isa = PBXTargetDependency;
			name = wave_spectrum_1;
			targetProxy = 4D307DA01C42A89F00F9DD26 /* PBXContainerItemProxy */;
		};
		4D307DA31C42A89F00F9DD26 /* PBXTargetDependency */ = {
			isa = PBXTargetDependency;
			name = wave_split_1;
			targetProxy = 4D307DA21C42A89F00F9DD26 /* PBXContainerItemProxy */;
		};
		4D307DA51C42A89F00F9DD26 /* PBXTargetDependency */ = {
			isa = PBXTargetDependency;
			name = wave_voronoi_1;
			targetProxy = 4D307DA41C42A89F00F9DD26 /* PBXContainerItemProxy */;
		};
/* End PBXTargetDependency section */

/* Begin XCBuildConfiguration section */
		6A8A98131BE62D62006BD10C /* Debug */ = {
			isa = XCBuildConfiguration;
			buildSettings = {
				ENABLE_TESTABILITY = YES;
				ONLY_ACTIVE_ARCH = YES;
			};
			name = Debug;
		};
		6A8A98141BE62D62006BD10C /* Release */ = {
			isa = XCBuildConfiguration;
			buildSettings = {
			};
			name = Release;
		};
		6A8A991C1BE62E7A006BD10C /* Debug */ = {
			isa = XCBuildConfiguration;
			buildSettings = {
				PRODUCT_NAME = _node_all;
			};
			name = Debug;
		};
		6A8A991D1BE62E7A006BD10C /* Release */ = {
			isa = XCBuildConfiguration;
			buildSettings = {
				PRODUCT_NAME = _node_all;
			};
			name = Release;
		};
/* End XCBuildConfiguration section */

/* Begin XCConfigurationList section */
		6A8A98121BE62D62006BD10C /* Build configuration list for PBXProject "_node_all" */ = {
			isa = XCConfigurationList;
			buildConfigurations = (
				6A8A98131BE62D62006BD10C /* Debug */,
				6A8A98141BE62D62006BD10C /* Release */,
			);
			defaultConfigurationIsVisible = 0;
			defaultConfigurationName = Release;
		};
		6A8A991B1BE62E7A006BD10C /* Build configuration list for PBXAggregateTarget "_node_all" */ = {
			isa = XCConfigurationList;
			buildConfigurations = (
				6A8A991C1BE62E7A006BD10C /* Debug */,
				6A8A991D1BE62E7A006BD10C /* Release */,
			);
			defaultConfigurationIsVisible = 0;
			defaultConfigurationName = Release;
		};
/* End XCConfigurationList section */
	};
	rootObject = 6A8A980F1BE62D62006BD10C /* Project object */;
}
